
Microsoft Visual Studio Solution File, Format Version 12.00
# Visual Studio 15
VisualStudioVersion = 15.0.27703.2042
MinimumVisualStudioVersion = 10.0.40219.1
Project("{FAE04EC0-301F-11D3-BF4B-00C04F79EFBC}") = "AppMemeSound.Android", "AppMemeSound\AppMemeSound.Android\AppMemeSound.Android.csproj", "{9B57B591-776F-4DF3-9C31-FA866594DC67}"
EndProject
Project("{FAE04EC0-301F-11D3-BF4B-00C04F79EFBC}") = "AppMemeSound.iOS", "AppMemeSound\AppMemeSound.iOS\AppMemeSound.iOS.csproj", "{1C35BE7F-65BD-4660-97D7-79C06BBB1116}"
EndProject
Project("{FAE04EC0-301F-11D3-BF4B-00C04F79EFBC}") = "AppMemeSound.UWP", "AppMemeSound\AppMemeSound.UWP\AppMemeSound.UWP.csproj", "{3798621A-DB14-42D1-897B-DD28774B9FFE}"
EndProject
Project("{FAE04EC0-301F-11D3-BF4B-00C04F79EFBC}") = "AppMemeSound", "AppMemeSound\AppMemeSound\AppMemeSound.csproj", "{417DB2D1-F948-4821-B60D-1A4C5D4FC1BD}"
EndProject
Global
	GlobalSection(SolutionConfigurationPlatforms) = preSolution
		Ad-Hoc|Any CPU = Ad-Hoc|Any CPU
		Ad-Hoc|ARM = Ad-Hoc|ARM
		Ad-Hoc|iPhone = Ad-Hoc|iPhone
		Ad-Hoc|iPhoneSimulator = Ad-Hoc|iPhoneSimulator
		Ad-Hoc|x64 = Ad-Hoc|x64
		Ad-Hoc|x86 = Ad-Hoc|x86
		AppStore|Any CPU = AppStore|Any CPU
		AppStore|ARM = AppStore|ARM
		AppStore|iPhone = AppStore|iPhone
		AppStore|iPhoneSimulator = AppStore|iPhoneSimulator
		AppStore|x64 = AppStore|x64
		AppStore|x86 = AppStore|x86
		Debug|Any CPU = Debug|Any CPU
		Debug|ARM = Debug|ARM
		Debug|iPhone = Debug|iPhone
		Debug|iPhoneSimulator = Debug|iPhoneSimulator
		Debug|x64 = Debug|x64
		Debug|x86 = Debug|x86
		Release|Any CPU = Release|Any CPU
		Release|ARM = Release|ARM
		Release|iPhone = Release|iPhone
		Release|iPhoneSimulator = Release|iPhoneSimulator
		Release|x64 = Release|x64
		Release|x86 = Release|x86
	EndGlobalSection
	GlobalSection(ProjectConfigurationPlatforms) = postSolution
		{9B57B591-776F-4DF3-9C31-FA866594DC67}.Ad-Hoc|Any CPU.ActiveCfg = Release|Any CPU
		{9B57B591-776F-4DF3-9C31-FA866594DC67}.Ad-Hoc|Any CPU.Build.0 = Release|Any CPU
		{9B57B591-776F-4DF3-9C31-FA866594DC67}.Ad-Hoc|Any CPU.Deploy.0 = Release|Any CPU
		{9B57B591-776F-4DF3-9C31-FA866594DC67}.Ad-Hoc|ARM.ActiveCfg = Release|Any CPU
		{9B57B591-776F-4DF3-9C31-FA866594DC67}.Ad-Hoc|ARM.Build.0 = Release|Any CPU
		{9B57B591-776F-4DF3-9C31-FA866594DC67}.Ad-Hoc|ARM.Deploy.0 = Release|Any CPU
		{9B57B591-776F-4DF3-9C31-FA866594DC67}.Ad-Hoc|iPhone.ActiveCfg = Release|Any CPU
		{9B57B591-776F-4DF3-9C31-FA866594DC67}.Ad-Hoc|iPhone.Build.0 = Release|Any CPU
		{9B57B591-776F-4DF3-9C31-FA866594DC67}.Ad-Hoc|iPhone.Deploy.0 = Release|Any CPU
		{9B57B591-776F-4DF3-9C31-FA866594DC67}.Ad-Hoc|iPhoneSimulator.ActiveCfg = Release|Any CPU
		{9B57B591-776F-4DF3-9C31-FA866594DC67}.Ad-Hoc|iPhoneSimulator.Build.0 = Release|Any CPU
		{9B57B591-776F-4DF3-9C31-FA866594DC67}.Ad-Hoc|iPhoneSimulator.Deploy.0 = Release|Any CPU
		{9B57B591-776F-4DF3-9C31-FA866594DC67}.Ad-Hoc|x64.ActiveCfg = Release|Any CPU
		{9B57B591-776F-4DF3-9C31-FA866594DC67}.Ad-Hoc|x64.Build.0 = Release|Any CPU
		{9B57B591-776F-4DF3-9C31-FA866594DC67}.Ad-Hoc|x64.Deploy.0 = Release|Any CPU
		{9B57B591-776F-4DF3-9C31-FA866594DC67}.Ad-Hoc|x86.ActiveCfg = Release|Any CPU
		{9B57B591-776F-4DF3-9C31-FA866594DC67}.Ad-Hoc|x86.Build.0 = Release|Any CPU
		{9B57B591-776F-4DF3-9C31-FA866594DC67}.Ad-Hoc|x86.Deploy.0 = Release|Any CPU
		{9B57B591-776F-4DF3-9C31-FA866594DC67}.AppStore|Any CPU.ActiveCfg = Release|Any CPU
		{9B57B591-776F-4DF3-9C31-FA866594DC67}.AppStore|Any CPU.Build.0 = Release|Any CPU
		{9B57B591-776F-4DF3-9C31-FA866594DC67}.AppStore|Any CPU.Deploy.0 = Release|Any CPU
		{9B57B591-776F-4DF3-9C31-FA866594DC67}.AppStore|ARM.ActiveCfg = Release|Any CPU
		{9B57B591-776F-4DF3-9C31-FA866594DC67}.AppStore|ARM.Build.0 = Release|Any CPU
		{9B57B591-776F-4DF3-9C31-FA866594DC67}.AppStore|ARM.Deploy.0 = Release|Any CPU
		{9B57B591-776F-4DF3-9C31-FA866594DC67}.AppStore|iPhone.ActiveCfg = Release|Any CPU
		{9B57B591-776F-4DF3-9C31-FA866594DC67}.AppStore|iPhone.Build.0 = Release|Any CPU
		{9B57B591-776F-4DF3-9C31-FA866594DC67}.AppStore|iPhone.Deploy.0 = Release|Any CPU
		{9B57B591-776F-4DF3-9C31-FA866594DC67}.AppStore|iPhoneSimulator.ActiveCfg = Release|Any CPU
		{9B57B591-776F-4DF3-9C31-FA866594DC67}.AppStore|iPhoneSimulator.Build.0 = Release|Any CPU
		{9B57B591-776F-4DF3-9C31-FA866594DC67}.AppStore|iPhoneSimulator.Deploy.0 = Release|Any CPU
		{9B57B591-776F-4DF3-9C31-FA866594DC67}.AppStore|x64.ActiveCfg = Release|Any CPU
		{9B57B591-776F-4DF3-9C31-FA866594DC67}.AppStore|x64.Build.0 = Release|Any CPU
		{9B57B591-776F-4DF3-9C31-FA866594DC67}.AppStore|x64.Deploy.0 = Release|Any CPU
		{9B57B591-776F-4DF3-9C31-FA866594DC67}.AppStore|x86.ActiveCfg = Release|Any CPU
		{9B57B591-776F-4DF3-9C31-FA866594DC67}.AppStore|x86.Build.0 = Release|Any CPU
		{9B57B591-776F-4DF3-9C31-FA866594DC67}.AppStore|x86.Deploy.0 = Release|Any CPU
		{9B57B591-776F-4DF3-9C31-FA866594DC67}.Debug|Any CPU.ActiveCfg = Debug|Any CPU
		{9B57B591-776F-4DF3-9C31-FA866594DC67}.Debug|Any CPU.Build.0 = Debug|Any CPU
		{9B57B591-776F-4DF3-9C31-FA866594DC67}.Debug|Any CPU.Deploy.0 = Debug|Any CPU
		{9B57B591-776F-4DF3-9C31-FA866594DC67}.Debug|ARM.ActiveCfg = Debug|Any CPU
		{9B57B591-776F-4DF3-9C31-FA866594DC67}.Debug|ARM.Build.0 = Debug|Any CPU
		{9B57B591-776F-4DF3-9C31-FA866594DC67}.Debug|ARM.Deploy.0 = Debug|Any CPU
		{9B57B591-776F-4DF3-9C31-FA866594DC67}.Debug|iPhone.ActiveCfg = Debug|Any CPU
		{9B57B591-776F-4DF3-9C31-FA866594DC67}.Debug|iPhone.Build.0 = Debug|Any CPU
		{9B57B591-776F-4DF3-9C31-FA866594DC67}.Debug|iPhone.Deploy.0 = Debug|Any CPU
		{9B57B591-776F-4DF3-9C31-FA866594DC67}.Debug|iPhoneSimulator.ActiveCfg = Debug|Any CPU
		{9B57B591-776F-4DF3-9C31-FA866594DC67}.Debug|iPhoneSimulator.Build.0 = Debug|Any CPU
		{9B57B591-776F-4DF3-9C31-FA866594DC67}.Debug|iPhoneSimulator.Deploy.0 = Debug|Any CPU
		{9B57B591-776F-4DF3-9C31-FA866594DC67}.Debug|x64.ActiveCfg = Debug|Any CPU
		{9B57B591-776F-4DF3-9C31-FA866594DC67}.Debug|x64.Build.0 = Debug|Any CPU
		{9B57B591-776F-4DF3-9C31-FA866594DC67}.Debug|x64.Deploy.0 = Debug|Any CPU
		{9B57B591-776F-4DF3-9C31-FA866594DC67}.Debug|x86.ActiveCfg = Debug|Any CPU
		{9B57B591-776F-4DF3-9C31-FA866594DC67}.Debug|x86.Build.0 = Debug|Any CPU
		{9B57B591-776F-4DF3-9C31-FA866594DC67}.Debug|x86.Deploy.0 = Debug|Any CPU
		{9B57B591-776F-4DF3-9C31-FA866594DC67}.Release|Any CPU.ActiveCfg = Release|Any CPU
		{9B57B591-776F-4DF3-9C31-FA866594DC67}.Release|Any CPU.Build.0 = Release|Any CPU
		{9B57B591-776F-4DF3-9C31-FA866594DC67}.Release|Any CPU.Deploy.0 = Release|Any CPU
		{9B57B591-776F-4DF3-9C31-FA866594DC67}.Release|ARM.ActiveCfg = Release|Any CPU
		{9B57B591-776F-4DF3-9C31-FA866594DC67}.Release|ARM.Build.0 = Release|Any CPU
		{9B57B591-776F-4DF3-9C31-FA866594DC67}.Release|ARM.Deploy.0 = Release|Any CPU
		{9B57B591-776F-4DF3-9C31-FA866594DC67}.Release|iPhone.ActiveCfg = Release|Any CPU
		{9B57B591-776F-4DF3-9C31-FA866594DC67}.Release|iPhone.Build.0 = Release|Any CPU
		{9B57B591-776F-4DF3-9C31-FA866594DC67}.Release|iPhone.Deploy.0 = Release|Any CPU
		{9B57B591-776F-4DF3-9C31-FA866594DC67}.Release|iPhoneSimulator.ActiveCfg = Release|Any CPU
		{9B57B591-776F-4DF3-9C31-FA866594DC67}.Release|iPhoneSimulator.Build.0 = Release|Any CPU
		{9B57B591-776F-4DF3-9C31-FA866594DC67}.Release|iPhoneSimulator.Deploy.0 = Release|Any CPU
		{9B57B591-776F-4DF3-9C31-FA866594DC67}.Release|x64.ActiveCfg = Release|Any CPU
		{9B57B591-776F-4DF3-9C31-FA866594DC67}.Release|x64.Build.0 = Release|Any CPU
		{9B57B591-776F-4DF3-9C31-FA866594DC67}.Release|x64.Deploy.0 = Release|Any CPU
		{9B57B591-776F-4DF3-9C31-FA866594DC67}.Release|x86.ActiveCfg = Release|Any CPU
		{9B57B591-776F-4DF3-9C31-FA866594DC67}.Release|x86.Build.0 = Release|Any CPU
		{9B57B591-776F-4DF3-9C31-FA866594DC67}.Release|x86.Deploy.0 = Release|Any CPU
		{1C35BE7F-65BD-4660-97D7-79C06BBB1116}.Ad-Hoc|Any CPU.ActiveCfg = Ad-Hoc|iPhone
		{1C35BE7F-65BD-4660-97D7-79C06BBB1116}.Ad-Hoc|Any CPU.Build.0 = Ad-Hoc|iPhone
		{1C35BE7F-65BD-4660-97D7-79C06BBB1116}.Ad-Hoc|Any CPU.Deploy.0 = Ad-Hoc|iPhone
		{1C35BE7F-65BD-4660-97D7-79C06BBB1116}.Ad-Hoc|ARM.ActiveCfg = Ad-Hoc|iPhone
		{1C35BE7F-65BD-4660-97D7-79C06BBB1116}.Ad-Hoc|ARM.Build.0 = Ad-Hoc|iPhone
		{1C35BE7F-65BD-4660-97D7-79C06BBB1116}.Ad-Hoc|ARM.Deploy.0 = Ad-Hoc|iPhone
		{1C35BE7F-65BD-4660-97D7-79C06BBB1116}.Ad-Hoc|iPhone.ActiveCfg = Ad-Hoc|iPhone
		{1C35BE7F-65BD-4660-97D7-79C06BBB1116}.Ad-Hoc|iPhone.Build.0 = Ad-Hoc|iPhone
		{1C35BE7F-65BD-4660-97D7-79C06BBB1116}.Ad-Hoc|iPhone.Deploy.0 = Ad-Hoc|iPhone
		{1C35BE7F-65BD-4660-97D7-79C06BBB1116}.Ad-Hoc|iPhoneSimulator.ActiveCfg = Ad-Hoc|iPhoneSimulator
		{1C35BE7F-65BD-4660-97D7-79C06BBB1116}.Ad-Hoc|iPhoneSimulator.Build.0 = Ad-Hoc|iPhoneSimulator
		{1C35BE7F-65BD-4660-97D7-79C06BBB1116}.Ad-Hoc|iPhoneSimulator.Deploy.0 = Ad-Hoc|iPhoneSimulator
		{1C35BE7F-65BD-4660-97D7-79C06BBB1116}.Ad-Hoc|x64.ActiveCfg = Ad-Hoc|iPhone
		{1C35BE7F-65BD-4660-97D7-79C06BBB1116}.Ad-Hoc|x64.Build.0 = Ad-Hoc|iPhone
		{1C35BE7F-65BD-4660-97D7-79C06BBB1116}.Ad-Hoc|x64.Deploy.0 = Ad-Hoc|iPhone
		{1C35BE7F-65BD-4660-97D7-79C06BBB1116}.Ad-Hoc|x86.ActiveCfg = Ad-Hoc|iPhone
		{1C35BE7F-65BD-4660-97D7-79C06BBB1116}.Ad-Hoc|x86.Build.0 = Ad-Hoc|iPhone
		{1C35BE7F-65BD-4660-97D7-79C06BBB1116}.Ad-Hoc|x86.Deploy.0 = Ad-Hoc|iPhone
		{1C35BE7F-65BD-4660-97D7-79C06BBB1116}.AppStore|Any CPU.ActiveCfg = AppStore|iPhone
		{1C35BE7F-65BD-4660-97D7-79C06BBB1116}.AppStore|Any CPU.Build.0 = AppStore|iPhone
		{1C35BE7F-65BD-4660-97D7-79C06BBB1116}.AppStore|Any CPU.Deploy.0 = AppStore|iPhone
		{1C35BE7F-65BD-4660-97D7-79C06BBB1116}.AppStore|ARM.ActiveCfg = AppStore|iPhone
		{1C35BE7F-65BD-4660-97D7-79C06BBB1116}.AppStore|ARM.Build.0 = AppStore|iPhone
		{1C35BE7F-65BD-4660-97D7-79C06BBB1116}.AppStore|ARM.Deploy.0 = AppStore|iPhone
		{1C35BE7F-65BD-4660-97D7-79C06BBB1116}.AppStore|iPhone.ActiveCfg = AppStore|iPhone
		{1C35BE7F-65BD-4660-97D7-79C06BBB1116}.AppStore|iPhone.Build.0 = AppStore|iPhone
		{1C35BE7F-65BD-4660-97D7-79C06BBB1116}.AppStore|iPhone.Deploy.0 = AppStore|iPhone
		{1C35BE7F-65BD-4660-97D7-79C06BBB1116}.AppStore|iPhoneSimulator.ActiveCfg = AppStore|iPhoneSimulator
		{1C35BE7F-65BD-4660-97D7-79C06BBB1116}.AppStore|iPhoneSimulator.Build.0 = AppStore|iPhoneSimulator
		{1C35BE7F-65BD-4660-97D7-79C06BBB1116}.AppStore|iPhoneSimulator.Deploy.0 = AppStore|iPhoneSimulator
		{1C35BE7F-65BD-4660-97D7-79C06BBB1116}.AppStore|x64.ActiveCfg = AppStore|iPhone
		{1C35BE7F-65BD-4660-97D7-79C06BBB1116}.AppStore|x64.Build.0 = AppStore|iPhone
		{1C35BE7F-65BD-4660-97D7-79C06BBB1116}.AppStore|x64.Deploy.0 = AppStore|iPhone
		{1C35BE7F-65BD-4660-97D7-79C06BBB1116}.AppStore|x86.ActiveCfg = AppStore|iPhone
		{1C35BE7F-65BD-4660-97D7-79C06BBB1116}.AppStore|x86.Build.0 = AppStore|iPhone
		{1C35BE7F-65BD-4660-97D7-79C06BBB1116}.AppStore|x86.Deploy.0 = AppStore|iPhone
		{1C35BE7F-65BD-4660-97D7-79C06BBB1116}.Debug|Any CPU.ActiveCfg = Debug|iPhoneSimulator
		{1C35BE7F-65BD-4660-97D7-79C06BBB1116}.Debug|Any CPU.Build.0 = Debug|iPhoneSimulator
		{1C35BE7F-65BD-4660-97D7-79C06BBB1116}.Debug|Any CPU.Deploy.0 = Debug|iPhoneSimulator
		{1C35BE7F-65BD-4660-97D7-79C06BBB1116}.Debug|ARM.ActiveCfg = Debug|iPhone
		{1C35BE7F-65BD-4660-97D7-79C06BBB1116}.Debug|ARM.Build.0 = Debug|iPhone
		{1C35BE7F-65BD-4660-97D7-79C06BBB1116}.Debug|ARM.Deploy.0 = Debug|iPhone
		{1C35BE7F-65BD-4660-97D7-79C06BBB1116}.Debug|iPhone.ActiveCfg = Debug|iPhone
		{1C35BE7F-65BD-4660-97D7-79C06BBB1116}.Debug|iPhone.Build.0 = Debug|iPhone
		{1C35BE7F-65BD-4660-97D7-79C06BBB1116}.Debug|iPhone.Deploy.0 = Debug|iPhone
		{1C35BE7F-65BD-4660-97D7-79C06BBB1116}.Debug|iPhoneSimulator.ActiveCfg = Debug|iPhoneSimulator
		{1C35BE7F-65BD-4660-97D7-79C06BBB1116}.Debug|iPhoneSimulator.Build.0 = Debug|iPhoneSimulator
		{1C35BE7F-65BD-4660-97D7-79C06BBB1116}.Debug|iPhoneSimulator.Deploy.0 = Debug|iPhoneSimulator
		{1C35BE7F-65BD-4660-97D7-79C06BBB1116}.Debug|x64.ActiveCfg = Debug|iPhone
		{1C35BE7F-65BD-4660-97D7-79C06BBB1116}.Debug|x64.Build.0 = Debug|iPhone
		{1C35BE7F-65BD-4660-97D7-79C06BBB1116}.Debug|x64.Deploy.0 = Debug|iPhone
		{1C35BE7F-65BD-4660-97D7-79C06BBB1116}.Debug|x86.ActiveCfg = Debug|iPhone
		{1C35BE7F-65BD-4660-97D7-79C06BBB1116}.Debug|x86.Build.0 = Debug|iPhone
		{1C35BE7F-65BD-4660-97D7-79C06BBB1116}.Debug|x86.Deploy.0 = Debug|iPhone
		{1C35BE7F-65BD-4660-97D7-79C06BBB1116}.Release|Any CPU.ActiveCfg = Release|iPhone
		{1C35BE7F-65BD-4660-97D7-79C06BBB1116}.Release|Any CPU.Build.0 = Release|iPhone
		{1C35BE7F-65BD-4660-97D7-79C06BBB1116}.Release|Any CPU.Deploy.0 = Release|iPhone
		{1C35BE7F-65BD-4660-97D7-79C06BBB1116}.Release|ARM.ActiveCfg = Release|iPhone
		{1C35BE7F-65BD-4660-97D7-79C06BBB1116}.Release|ARM.Build.0 = Release|iPhone
		{1C35BE7F-65BD-4660-97D7-79C06BBB1116}.Release|ARM.Deploy.0 = Release|iPhone
		{1C35BE7F-65BD-4660-97D7-79C06BBB1116}.Release|iPhone.ActiveCfg = Release|iPhone
		{1C35BE7F-65BD-4660-97D7-79C06BBB1116}.Release|iPhone.Build.0 = Release|iPhone
		{1C35BE7F-65BD-4660-97D7-79C06BBB1116}.Release|iPhone.Deploy.0 = Release|iPhone
		{1C35BE7F-65BD-4660-97D7-79C06BBB1116}.Release|iPhoneSimulator.ActiveCfg = Release|iPhoneSimulator
		{1C35BE7F-65BD-4660-97D7-79C06BBB1116}.Release|iPhoneSimulator.Build.0 = Release|iPhoneSimulator
		{1C35BE7F-65BD-4660-97D7-79C06BBB1116}.Release|iPhoneSimulator.Deploy.0 = Release|iPhoneSimulator
		{1C35BE7F-65BD-4660-97D7-79C06BBB1116}.Release|x64.ActiveCfg = Release|iPhone
		{1C35BE7F-65BD-4660-97D7-79C06BBB1116}.Release|x64.Build.0 = Release|iPhone
		{1C35BE7F-65BD-4660-97D7-79C06BBB1116}.Release|x64.Deploy.0 = Release|iPhone
		{1C35BE7F-65BD-4660-97D7-79C06BBB1116}.Release|x86.ActiveCfg = Release|iPhone
		{1C35BE7F-65BD-4660-97D7-79C06BBB1116}.Release|x86.Build.0 = Release|iPhone
		{1C35BE7F-65BD-4660-97D7-79C06BBB1116}.Release|x86.Deploy.0 = Release|iPhone
		{3798621A-DB14-42D1-897B-DD28774B9FFE}.Ad-Hoc|Any CPU.ActiveCfg = Release|x86
		{3798621A-DB14-42D1-897B-DD28774B9FFE}.Ad-Hoc|Any CPU.Build.0 = Release|x86
		{3798621A-DB14-42D1-897B-DD28774B9FFE}.Ad-Hoc|Any CPU.Deploy.0 = Release|x86
		{3798621A-DB14-42D1-897B-DD28774B9FFE}.Ad-Hoc|ARM.ActiveCfg = Release|ARM
		{3798621A-DB14-42D1-897B-DD28774B9FFE}.Ad-Hoc|ARM.Build.0 = Release|ARM
		{3798621A-DB14-42D1-897B-DD28774B9FFE}.Ad-Hoc|ARM.Deploy.0 = Release|ARM
		{3798621A-DB14-42D1-897B-DD28774B9FFE}.Ad-Hoc|iPhone.ActiveCfg = Release|x86
		{3798621A-DB14-42D1-897B-DD28774B9FFE}.Ad-Hoc|iPhone.Build.0 = Release|x86
		{3798621A-DB14-42D1-897B-DD28774B9FFE}.Ad-Hoc|iPhone.Deploy.0 = Release|x86
		{3798621A-DB14-42D1-897B-DD28774B9FFE}.Ad-Hoc|iPhoneSimulator.ActiveCfg = Release|x86
		{3798621A-DB14-42D1-897B-DD28774B9FFE}.Ad-Hoc|iPhoneSimulator.Build.0 = Release|x86
		{3798621A-DB14-42D1-897B-DD28774B9FFE}.Ad-Hoc|iPhoneSimulator.Deploy.0 = Release|x86
		{3798621A-DB14-42D1-897B-DD28774B9FFE}.Ad-Hoc|x64.ActiveCfg = Release|x64
		{3798621A-DB14-42D1-897B-DD28774B9FFE}.Ad-Hoc|x64.Build.0 = Release|x64
		{3798621A-DB14-42D1-897B-DD28774B9FFE}.Ad-Hoc|x64.Deploy.0 = Release|x64
		{3798621A-DB14-42D1-897B-DD28774B9FFE}.Ad-Hoc|x86.ActiveCfg = Release|x86
		{3798621A-DB14-42D1-897B-DD28774B9FFE}.Ad-Hoc|x86.Build.0 = Release|x86
		{3798621A-DB14-42D1-897B-DD28774B9FFE}.Ad-Hoc|x86.Deploy.0 = Release|x86
		{3798621A-DB14-42D1-897B-DD28774B9FFE}.AppStore|Any CPU.ActiveCfg = Release|x86
		{3798621A-DB14-42D1-897B-DD28774B9FFE}.AppStore|Any CPU.Build.0 = Release|x86
		{3798621A-DB14-42D1-897B-DD28774B9FFE}.AppStore|Any CPU.Deploy.0 = Release|x86
		{3798621A-DB14-42D1-897B-DD28774B9FFE}.AppStore|ARM.ActiveCfg = Release|ARM
		{3798621A-DB14-42D1-897B-DD28774B9FFE}.AppStore|ARM.Build.0 = Release|ARM
		{3798621A-DB14-42D1-897B-DD28774B9FFE}.AppStore|ARM.Deploy.0 = Release|ARM
		{3798621A-DB14-42D1-897B-DD28774B9FFE}.AppStore|iPhone.ActiveCfg = Release|x86
		{3798621A-DB14-42D1-897B-DD28774B9FFE}.AppStore|iPhone.Build.0 = Release|x86
		{3798621A-DB14-42D1-897B-DD28774B9FFE}.AppStore|iPhone.Deploy.0 = Release|x86
		{3798621A-DB14-42D1-897B-DD28774B9FFE}.AppStore|iPhoneSimulator.ActiveCfg = Release|x86
		{3798621A-DB14-42D1-897B-DD28774B9FFE}.AppStore|iPhoneSimulator.Build.0 = Release|x86
		{3798621A-DB14-42D1-897B-DD28774B9FFE}.AppStore|iPhoneSimulator.Deploy.0 = Release|x86
		{3798621A-DB14-42D1-897B-DD28774B9FFE}.AppStore|x64.ActiveCfg = Release|x64
		{3798621A-DB14-42D1-897B-DD28774B9FFE}.AppStore|x64.Build.0 = Release|x64
		{3798621A-DB14-42D1-897B-DD28774B9FFE}.AppStore|x64.Deploy.0 = Release|x64
		{3798621A-DB14-42D1-897B-DD28774B9FFE}.AppStore|x86.ActiveCfg = Release|x86
		{3798621A-DB14-42D1-897B-DD28774B9FFE}.AppStore|x86.Build.0 = Release|x86
		{3798621A-DB14-42D1-897B-DD28774B9FFE}.AppStore|x86.Deploy.0 = Release|x86
		{3798621A-DB14-42D1-897B-DD28774B9FFE}.Debug|Any CPU.ActiveCfg = Debug|x86
		{3798621A-DB14-42D1-897B-DD28774B9FFE}.Debug|Any CPU.Build.0 = Debug|x86
		{3798621A-DB14-42D1-897B-DD28774B9FFE}.Debug|Any CPU.Deploy.0 = Debug|x86
		{3798621A-DB14-42D1-897B-DD28774B9FFE}.Debug|ARM.ActiveCfg = Debug|ARM
		{3798621A-DB14-42D1-897B-DD28774B9FFE}.Debug|ARM.Build.0 = Debug|ARM
		{3798621A-DB14-42D1-897B-DD28774B9FFE}.Debug|ARM.Deploy.0 = Debug|ARM
		{3798621A-DB14-42D1-897B-DD28774B9FFE}.Debug|iPhone.ActiveCfg = Debug|x86
		{3798621A-DB14-42D1-897B-DD28774B9FFE}.Debug|iPhone.Build.0 = Debug|x86
		{3798621A-DB14-42D1-897B-DD28774B9FFE}.Debug|iPhone.Deploy.0 = Debug|x86
		{3798621A-DB14-42D1-897B-DD28774B9FFE}.Debug|iPhoneSimulator.ActiveCfg = Debug|x86
		{3798621A-DB14-42D1-897B-DD28774B9FFE}.Debug|iPhoneSimulator.Build.0 = Debug|x86
		{3798621A-DB14-42D1-897B-DD28774B9FFE}.Debug|iPhoneSimulator.Deploy.0 = Debug|x86
		{3798621A-DB14-42D1-897B-DD28774B9FFE}.Debug|x64.ActiveCfg = Debug|x64
		{3798621A-DB14-42D1-897B-DD28774B9FFE}.Debug|x64.Build.0 = Debug|x64
		{3798621A-DB14-42D1-897B-DD28774B9FFE}.Debug|x64.Deploy.0 = Debug|x64
		{3798621A-DB14-42D1-897B-DD28774B9FFE}.Debug|x86.ActiveCfg = Debug|x86
		{3798621A-DB14-42D1-897B-DD28774B9FFE}.Debug|x86.Build.0 = Debug|x86
		{3798621A-DB14-42D1-897B-DD28774B9FFE}.Debug|x86.Deploy.0 = Debug|x86
		{3798621A-DB14-42D1-897B-DD28774B9FFE}.Release|Any CPU.ActiveCfg = Release|x86
		{3798621A-DB14-42D1-897B-DD28774B9FFE}.Release|Any CPU.Build.0 = Release|x86
		{3798621A-DB14-42D1-897B-DD28774B9FFE}.Release|Any CPU.Deploy.0 = Release|x86
		{3798621A-DB14-42D1-897B-DD28774B9FFE}.Release|ARM.ActiveCfg = Release|ARM
		{3798621A-DB14-42D1-897B-DD28774B9FFE}.Release|ARM.Build.0 = Release|ARM
		{3798621A-DB14-42D1-897B-DD28774B9FFE}.Release|ARM.Deploy.0 = Release|ARM
		{3798621A-DB14-42D1-897B-DD28774B9FFE}.Release|iPhone.ActiveCfg = Release|x86
		{3798621A-DB14-42D1-897B-DD28774B9FFE}.Release|iPhone.Build.0 = Release|x86
		{3798621A-DB14-42D1-897B-DD28774B9FFE}.Release|iPhone.Deploy.0 = Release|x86
		{3798621A-DB14-42D1-897B-DD28774B9FFE}.Release|iPhoneSimulator.ActiveCfg = Release|x86
		{3798621A-DB14-42D1-897B-DD28774B9FFE}.Release|iPhoneSimulator.Build.0 = Release|x86
		{3798621A-DB14-42D1-897B-DD28774B9FFE}.Release|iPhoneSimulator.Deploy.0 = Release|x86
		{3798621A-DB14-42D1-897B-DD28774B9FFE}.Release|x64.ActiveCfg = Release|x64
		{3798621A-DB14-42D1-897B-DD28774B9FFE}.Release|x64.Build.0 = Release|x64
		{3798621A-DB14-42D1-897B-DD28774B9FFE}.Release|x64.Deploy.0 = Release|x64
		{3798621A-DB14-42D1-897B-DD28774B9FFE}.Release|x86.ActiveCfg = Release|x86
		{3798621A-DB14-42D1-897B-DD28774B9FFE}.Release|x86.Build.0 = Release|x86
		{3798621A-DB14-42D1-897B-DD28774B9FFE}.Release|x86.Deploy.0 = Release|x86
		{417DB2D1-F948-4821-B60D-1A4C5D4FC1BD}.Ad-Hoc|Any CPU.ActiveCfg = Debug|Any CPU
		{417DB2D1-F948-4821-B60D-1A4C5D4FC1BD}.Ad-Hoc|Any CPU.Build.0 = Debug|Any CPU
		{417DB2D1-F948-4821-B60D-1A4C5D4FC1BD}.Ad-Hoc|Any CPU.Deploy.0 = Debug|Any CPU
		{417DB2D1-F948-4821-B60D-1A4C5D4FC1BD}.Ad-Hoc|ARM.ActiveCfg = Debug|Any CPU
		{417DB2D1-F948-4821-B60D-1A4C5D4FC1BD}.Ad-Hoc|ARM.Build.0 = Debug|Any CPU
		{417DB2D1-F948-4821-B60D-1A4C5D4FC1BD}.Ad-Hoc|ARM.Deploy.0 = Debug|Any CPU
		{417DB2D1-F948-4821-B60D-1A4C5D4FC1BD}.Ad-Hoc|iPhone.ActiveCfg = Debug|Any CPU
		{417DB2D1-F948-4821-B60D-1A4C5D4FC1BD}.Ad-Hoc|iPhone.Build.0 = Debug|Any CPU
		{417DB2D1-F948-4821-B60D-1A4C5D4FC1BD}.Ad-Hoc|iPhone.Deploy.0 = Debug|Any CPU
		{417DB2D1-F948-4821-B60D-1A4C5D4FC1BD}.Ad-Hoc|iPhoneSimulator.ActiveCfg = Debug|Any CPU
		{417DB2D1-F948-4821-B60D-1A4C5D4FC1BD}.Ad-Hoc|iPhoneSimulator.Build.0 = Debug|Any CPU
		{417DB2D1-F948-4821-B60D-1A4C5D4FC1BD}.Ad-Hoc|iPhoneSimulator.Deploy.0 = Debug|Any CPU
		{417DB2D1-F948-4821-B60D-1A4C5D4FC1BD}.Ad-Hoc|x64.ActiveCfg = Debug|Any CPU
		{417DB2D1-F948-4821-B60D-1A4C5D4FC1BD}.Ad-Hoc|x64.Build.0 = Debug|Any CPU
		{417DB2D1-F948-4821-B60D-1A4C5D4FC1BD}.Ad-Hoc|x64.Deploy.0 = Debug|Any CPU
		{417DB2D1-F948-4821-B60D-1A4C5D4FC1BD}.Ad-Hoc|x86.ActiveCfg = Debug|Any CPU
		{417DB2D1-F948-4821-B60D-1A4C5D4FC1BD}.Ad-Hoc|x86.Build.0 = Debug|Any CPU
		{417DB2D1-F948-4821-B60D-1A4C5D4FC1BD}.Ad-Hoc|x86.Deploy.0 = Debug|Any CPU
		{417DB2D1-F948-4821-B60D-1A4C5D4FC1BD}.AppStore|Any CPU.ActiveCfg = Debug|Any CPU
		{417DB2D1-F948-4821-B60D-1A4C5D4FC1BD}.AppStore|Any CPU.Build.0 = Debug|Any CPU
		{417DB2D1-F948-4821-B60D-1A4C5D4FC1BD}.AppStore|Any CPU.Deploy.0 = Debug|Any CPU
		{417DB2D1-F948-4821-B60D-1A4C5D4FC1BD}.AppStore|ARM.ActiveCfg = Debug|Any CPU
		{417DB2D1-F948-4821-B60D-1A4C5D4FC1BD}.AppStore|ARM.Build.0 = Debug|Any CPU
		{417DB2D1-F948-4821-B60D-1A4C5D4FC1BD}.AppStore|ARM.Deploy.0 = Debug|Any CPU
		{417DB2D1-F948-4821-B60D-1A4C5D4FC1BD}.AppStore|iPhone.ActiveCfg = Debug|Any CPU
		{417DB2D1-F948-4821-B60D-1A4C5D4FC1BD}.AppStore|iPhone.Build.0 = Debug|Any CPU
		{417DB2D1-F948-4821-B60D-1A4C5D4FC1BD}.AppStore|iPhone.Deploy.0 = Debug|Any CPU
		{417DB2D1-F948-4821-B60D-1A4C5D4FC1BD}.AppStore|iPhoneSimulator.ActiveCfg = Debug|Any CPU
		{417DB2D1-F948-4821-B60D-1A4C5D4FC1BD}.AppStore|iPhoneSimulator.Build.0 = Debug|Any CPU
		{417DB2D1-F948-4821-B60D-1A4C5D4FC1BD}.AppStore|iPhoneSimulator.Deploy.0 = Debug|Any CPU
		{417DB2D1-F948-4821-B60D-1A4C5D4FC1BD}.AppStore|x64.ActiveCfg = Debug|Any CPU
		{417DB2D1-F948-4821-B60D-1A4C5D4FC1BD}.AppStore|x64.Build.0 = Debug|Any CPU
		{417DB2D1-F948-4821-B60D-1A4C5D4FC1BD}.AppStore|x64.Deploy.0 = Debug|Any CPU
		{417DB2D1-F948-4821-B60D-1A4C5D4FC1BD}.AppStore|x86.ActiveCfg = Debug|Any CPU
		{417DB2D1-F948-4821-B60D-1A4C5D4FC1BD}.AppStore|x86.Build.0 = Debug|Any CPU
		{417DB2D1-F948-4821-B60D-1A4C5D4FC1BD}.AppStore|x86.Deploy.0 = Debug|Any CPU
		{417DB2D1-F948-4821-B60D-1A4C5D4FC1BD}.Debug|Any CPU.ActiveCfg = Debug|Any CPU
		{417DB2D1-F948-4821-B60D-1A4C5D4FC1BD}.Debug|Any CPU.Build.0 = Debug|Any CPU
		{417DB2D1-F948-4821-B60D-1A4C5D4FC1BD}.Debug|Any CPU.Deploy.0 = Debug|Any CPU
		{417DB2D1-F948-4821-B60D-1A4C5D4FC1BD}.Debug|ARM.ActiveCfg = Debug|Any CPU
		{417DB2D1-F948-4821-B60D-1A4C5D4FC1BD}.Debug|ARM.Build.0 = Debug|Any CPU
		{417DB2D1-F948-4821-B60D-1A4C5D4FC1BD}.Debug|ARM.Deploy.0 = Debug|Any CPU
		{417DB2D1-F948-4821-B60D-1A4C5D4FC1BD}.Debug|iPhone.ActiveCfg = Debug|Any CPU
		{417DB2D1-F948-4821-B60D-1A4C5D4FC1BD}.Debug|iPhone.Build.0 = Debug|Any CPU
		{417DB2D1-F948-4821-B60D-1A4C5D4FC1BD}.Debug|iPhone.Deploy.0 = Debug|Any CPU
		{417DB2D1-F948-4821-B60D-1A4C5D4FC1BD}.Debug|iPhoneSimulator.ActiveCfg = Debug|Any CPU
		{417DB2D1-F948-4821-B60D-1A4C5D4FC1BD}.Debug|iPhoneSimulator.Build.0 = Debug|Any CPU
		{417DB2D1-F948-4821-B60D-1A4C5D4FC1BD}.Debug|iPhoneSimulator.Deploy.0 = Debug|Any CPU
		{417DB2D1-F948-4821-B60D-1A4C5D4FC1BD}.Debug|x64.ActiveCfg = Debug|Any CPU
		{417DB2D1-F948-4821-B60D-1A4C5D4FC1BD}.Debug|x64.Build.0 = Debug|Any CPU
		{417DB2D1-F948-4821-B60D-1A4C5D4FC1BD}.Debug|x64.Deploy.0 = Debug|Any CPU
		{417DB2D1-F948-4821-B60D-1A4C5D4FC1BD}.Debug|x86.ActiveCfg = Debug|Any CPU
		{417DB2D1-F948-4821-B60D-1A4C5D4FC1BD}.Debug|x86.Build.0 = Debug|Any CPU
		{417DB2D1-F948-4821-B60D-1A4C5D4FC1BD}.Debug|x86.Deploy.0 = Debug|Any CPU
		{417DB2D1-F948-4821-B60D-1A4C5D4FC1BD}.Release|Any CPU.ActiveCfg = Release|Any CPU
		{417DB2D1-F948-4821-B60D-1A4C5D4FC1BD}.Release|Any CPU.Build.0 = Release|Any CPU
		{417DB2D1-F948-4821-B60D-1A4C5D4FC1BD}.Release|Any CPU.Deploy.0 = Release|Any CPU
		{417DB2D1-F948-4821-B60D-1A4C5D4FC1BD}.Release|ARM.ActiveCfg = Release|Any CPU
		{417DB2D1-F948-4821-B60D-1A4C5D4FC1BD}.Release|ARM.Build.0 = Release|Any CPU
		{417DB2D1-F948-4821-B60D-1A4C5D4FC1BD}.Release|ARM.Deploy.0 = Release|Any CPU
		{417DB2D1-F948-4821-B60D-1A4C5D4FC1BD}.Release|iPhone.ActiveCfg = Release|Any CPU
		{417DB2D1-F948-4821-B60D-1A4C5D4FC1BD}.Release|iPhone.Build.0 = Release|Any CPU
		{417DB2D1-F948-4821-B60D-1A4C5D4FC1BD}.Release|iPhone.Deploy.0 = Release|Any CPU
		{417DB2D1-F948-4821-B60D-1A4C5D4FC1BD}.Release|iPhoneSimulator.ActiveCfg = Release|Any CPU
		{417DB2D1-F948-4821-B60D-1A4C5D4FC1BD}.Release|iPhoneSimulator.Build.0 = Release|Any CPU
		{417DB2D1-F948-4821-B60D-1A4C5D4FC1BD}.Release|iPhoneSimulator.Deploy.0 = Release|Any CPU
		{417DB2D1-F948-4821-B60D-1A4C5D4FC1BD}.Release|x64.ActiveCfg = Release|Any CPU
		{417DB2D1-F948-4821-B60D-1A4C5D4FC1BD}.Release|x64.Build.0 = Release|Any CPU
		{417DB2D1-F948-4821-B60D-1A4C5D4FC1BD}.Release|x64.Deploy.0 = Release|Any CPU
		{417DB2D1-F948-4821-B60D-1A4C5D4FC1BD}.Release|x86.ActiveCfg = Release|Any CPU
		{417DB2D1-F948-4821-B60D-1A4C5D4FC1BD}.Release|x86.Build.0 = Release|Any CPU
		{417DB2D1-F948-4821-B60D-1A4C5D4FC1BD}.Release|x86.Deploy.0 = Release|Any CPU
	EndGlobalSection
	GlobalSection(SolutionProperties) = preSolution
		HideSolutionNode = FALSE
	EndGlobalSection
	GlobalSection(ExtensibilityGlobals) = postSolution
		SolutionGuid = {76C6FCF7-CB3B-409C-A92E-04B35669E56C}
	EndGlobalSection
EndGlobal
