
Microsoft Visual Studio Solution File, Format Version 12.00
# Visual Studio 15
VisualStudioVersion = 15.0.27703.2042
MinimumVisualStudioVersion = 10.0.40219.1
Project("{FAE04EC0-301F-11D3-BF4B-00C04F79EFBC}") = "AppMemeSounf4.Android", "AppMemeSounf4\AppMemeSounf4.Android\AppMemeSounf4.Android.csproj", "{5924F6F1-1090-4F05-A7F0-C0F8A902295A}"
EndProject
Project("{FAE04EC0-301F-11D3-BF4B-00C04F79EFBC}") = "AppMemeSounf4.iOS", "AppMemeSounf4\AppMemeSounf4.iOS\AppMemeSounf4.iOS.csproj", "{81E790B9-B131-4B75-AB54-0685A254CD85}"
EndProject
Project("{FAE04EC0-301F-11D3-BF4B-00C04F79EFBC}") = "AppMemeSounf4.UWP", "AppMemeSounf4\AppMemeSounf4.UWP\AppMemeSounf4.UWP.csproj", "{6358CD66-769D-442F-80F6-18B43882A4B6}"
EndProject
Project("{D954291E-2A0B-460D-934E-DC6B0785DB48}") = "AppMemeSounf4", "AppMemeSounf4\AppMemeSounf4\AppMemeSounf4.shproj", "{E8D12CD0-FED2-413B-ADCE-E3842E1E9F4B}"
EndProject
Global
	GlobalSection(SharedMSBuildProjectFiles) = preSolution
		AppMemeSounf4\AppMemeSounf4\AppMemeSounf4.projitems*{5924f6f1-1090-4f05-a7f0-c0f8a902295a}*SharedItemsImports = 4
		AppMemeSounf4\AppMemeSounf4\AppMemeSounf4.projitems*{6358cd66-769d-442f-80f6-18b43882a4b6}*SharedItemsImports = 4
		AppMemeSounf4\AppMemeSounf4\AppMemeSounf4.projitems*{81e790b9-b131-4b75-ab54-0685a254cd85}*SharedItemsImports = 4
		AppMemeSounf4\AppMemeSounf4\AppMemeSounf4.projitems*{e8d12cd0-fed2-413b-adce-e3842e1e9f4b}*SharedItemsImports = 13
	EndGlobalSection
	GlobalSection(SolutionConfigurationPlatforms) = preSolution
		Ad-Hoc|Any CPU = Ad-Hoc|Any CPU
		Ad-Hoc|ARM = Ad-Hoc|ARM
		Ad-Hoc|iPhone = Ad-Hoc|iPhone
		Ad-Hoc|iPhoneSimulator = Ad-Hoc|iPhoneSimulator
		Ad-Hoc|x64 = Ad-Hoc|x64
		Ad-Hoc|x86 = Ad-Hoc|x86
		AppStore|Any CPU = AppStore|Any CPU
		AppStore|ARM = AppStore|ARM
		AppStore|iPhone = AppStore|iPhone
		AppStore|iPhoneSimulator = AppStore|iPhoneSimulator
		AppStore|x64 = AppStore|x64
		AppStore|x86 = AppStore|x86
		Debug|Any CPU = Debug|Any CPU
		Debug|ARM = Debug|ARM
		Debug|iPhone = Debug|iPhone
		Debug|iPhoneSimulator = Debug|iPhoneSimulator
		Debug|x64 = Debug|x64
		Debug|x86 = Debug|x86
		Release|Any CPU = Release|Any CPU
		Release|ARM = Release|ARM
		Release|iPhone = Release|iPhone
		Release|iPhoneSimulator = Release|iPhoneSimulator
		Release|x64 = Release|x64
		Release|x86 = Release|x86
	EndGlobalSection
	GlobalSection(ProjectConfigurationPlatforms) = postSolution
		{5924F6F1-1090-4F05-A7F0-C0F8A902295A}.Ad-Hoc|Any CPU.ActiveCfg = Release|Any CPU
		{5924F6F1-1090-4F05-A7F0-C0F8A902295A}.Ad-Hoc|Any CPU.Build.0 = Release|Any CPU
		{5924F6F1-1090-4F05-A7F0-C0F8A902295A}.Ad-Hoc|Any CPU.Deploy.0 = Release|Any CPU
		{5924F6F1-1090-4F05-A7F0-C0F8A902295A}.Ad-Hoc|ARM.ActiveCfg = Release|Any CPU
		{5924F6F1-1090-4F05-A7F0-C0F8A902295A}.Ad-Hoc|ARM.Build.0 = Release|Any CPU
		{5924F6F1-1090-4F05-A7F0-C0F8A902295A}.Ad-Hoc|ARM.Deploy.0 = Release|Any CPU
		{5924F6F1-1090-4F05-A7F0-C0F8A902295A}.Ad-Hoc|iPhone.ActiveCfg = Release|Any CPU
		{5924F6F1-1090-4F05-A7F0-C0F8A902295A}.Ad-Hoc|iPhone.Build.0 = Release|Any CPU
		{5924F6F1-1090-4F05-A7F0-C0F8A902295A}.Ad-Hoc|iPhone.Deploy.0 = Release|Any CPU
		{5924F6F1-1090-4F05-A7F0-C0F8A902295A}.Ad-Hoc|iPhoneSimulator.ActiveCfg = Release|Any CPU
		{5924F6F1-1090-4F05-A7F0-C0F8A902295A}.Ad-Hoc|iPhoneSimulator.Build.0 = Release|Any CPU
		{5924F6F1-1090-4F05-A7F0-C0F8A902295A}.Ad-Hoc|iPhoneSimulator.Deploy.0 = Release|Any CPU
		{5924F6F1-1090-4F05-A7F0-C0F8A902295A}.Ad-Hoc|x64.ActiveCfg = Release|Any CPU
		{5924F6F1-1090-4F05-A7F0-C0F8A902295A}.Ad-Hoc|x64.Build.0 = Release|Any CPU
		{5924F6F1-1090-4F05-A7F0-C0F8A902295A}.Ad-Hoc|x64.Deploy.0 = Release|Any CPU
		{5924F6F1-1090-4F05-A7F0-C0F8A902295A}.Ad-Hoc|x86.ActiveCfg = Release|Any CPU
		{5924F6F1-1090-4F05-A7F0-C0F8A902295A}.Ad-Hoc|x86.Build.0 = Release|Any CPU
		{5924F6F1-1090-4F05-A7F0-C0F8A902295A}.Ad-Hoc|x86.Deploy.0 = Release|Any CPU
		{5924F6F1-1090-4F05-A7F0-C0F8A902295A}.AppStore|Any CPU.ActiveCfg = Release|Any CPU
		{5924F6F1-1090-4F05-A7F0-C0F8A902295A}.AppStore|Any CPU.Build.0 = Release|Any CPU
		{5924F6F1-1090-4F05-A7F0-C0F8A902295A}.AppStore|Any CPU.Deploy.0 = Release|Any CPU
		{5924F6F1-1090-4F05-A7F0-C0F8A902295A}.AppStore|ARM.ActiveCfg = Release|Any CPU
		{5924F6F1-1090-4F05-A7F0-C0F8A902295A}.AppStore|ARM.Build.0 = Release|Any CPU
		{5924F6F1-1090-4F05-A7F0-C0F8A902295A}.AppStore|ARM.Deploy.0 = Release|Any CPU
		{5924F6F1-1090-4F05-A7F0-C0F8A902295A}.AppStore|iPhone.ActiveCfg = Release|Any CPU
		{5924F6F1-1090-4F05-A7F0-C0F8A902295A}.AppStore|iPhone.Build.0 = Release|Any CPU
		{5924F6F1-1090-4F05-A7F0-C0F8A902295A}.AppStore|iPhone.Deploy.0 = Release|Any CPU
		{5924F6F1-1090-4F05-A7F0-C0F8A902295A}.AppStore|iPhoneSimulator.ActiveCfg = Release|Any CPU
		{5924F6F1-1090-4F05-A7F0-C0F8A902295A}.AppStore|iPhoneSimulator.Build.0 = Release|Any CPU
		{5924F6F1-1090-4F05-A7F0-C0F8A902295A}.AppStore|iPhoneSimulator.Deploy.0 = Release|Any CPU
		{5924F6F1-1090-4F05-A7F0-C0F8A902295A}.AppStore|x64.ActiveCfg = Release|Any CPU
		{5924F6F1-1090-4F05-A7F0-C0F8A902295A}.AppStore|x64.Build.0 = Release|Any CPU
		{5924F6F1-1090-4F05-A7F0-C0F8A902295A}.AppStore|x64.Deploy.0 = Release|Any CPU
		{5924F6F1-1090-4F05-A7F0-C0F8A902295A}.AppStore|x86.ActiveCfg = Release|Any CPU
		{5924F6F1-1090-4F05-A7F0-C0F8A902295A}.AppStore|x86.Build.0 = Release|Any CPU
		{5924F6F1-1090-4F05-A7F0-C0F8A902295A}.AppStore|x86.Deploy.0 = Release|Any CPU
		{5924F6F1-1090-4F05-A7F0-C0F8A902295A}.Debug|Any CPU.ActiveCfg = Debug|Any CPU
		{5924F6F1-1090-4F05-A7F0-C0F8A902295A}.Debug|Any CPU.Build.0 = Debug|Any CPU
		{5924F6F1-1090-4F05-A7F0-C0F8A902295A}.Debug|Any CPU.Deploy.0 = Debug|Any CPU
		{5924F6F1-1090-4F05-A7F0-C0F8A902295A}.Debug|ARM.ActiveCfg = Debug|Any CPU
		{5924F6F1-1090-4F05-A7F0-C0F8A902295A}.Debug|ARM.Build.0 = Debug|Any CPU
		{5924F6F1-1090-4F05-A7F0-C0F8A902295A}.Debug|ARM.Deploy.0 = Debug|Any CPU
		{5924F6F1-1090-4F05-A7F0-C0F8A902295A}.Debug|iPhone.ActiveCfg = Debug|Any CPU
		{5924F6F1-1090-4F05-A7F0-C0F8A902295A}.Debug|iPhone.Build.0 = Debug|Any CPU
		{5924F6F1-1090-4F05-A7F0-C0F8A902295A}.Debug|iPhone.Deploy.0 = Debug|Any CPU
		{5924F6F1-1090-4F05-A7F0-C0F8A902295A}.Debug|iPhoneSimulator.ActiveCfg = Debug|Any CPU
		{5924F6F1-1090-4F05-A7F0-C0F8A902295A}.Debug|iPhoneSimulator.Build.0 = Debug|Any CPU
		{5924F6F1-1090-4F05-A7F0-C0F8A902295A}.Debug|iPhoneSimulator.Deploy.0 = Debug|Any CPU
		{5924F6F1-1090-4F05-A7F0-C0F8A902295A}.Debug|x64.ActiveCfg = Debug|Any CPU
		{5924F6F1-1090-4F05-A7F0-C0F8A902295A}.Debug|x64.Build.0 = Debug|Any CPU
		{5924F6F1-1090-4F05-A7F0-C0F8A902295A}.Debug|x64.Deploy.0 = Debug|Any CPU
		{5924F6F1-1090-4F05-A7F0-C0F8A902295A}.Debug|x86.ActiveCfg = Debug|Any CPU
		{5924F6F1-1090-4F05-A7F0-C0F8A902295A}.Debug|x86.Build.0 = Debug|Any CPU
		{5924F6F1-1090-4F05-A7F0-C0F8A902295A}.Debug|x86.Deploy.0 = Debug|Any CPU
		{5924F6F1-1090-4F05-A7F0-C0F8A902295A}.Release|Any CPU.ActiveCfg = Release|Any CPU
		{5924F6F1-1090-4F05-A7F0-C0F8A902295A}.Release|Any CPU.Build.0 = Release|Any CPU
		{5924F6F1-1090-4F05-A7F0-C0F8A902295A}.Release|Any CPU.Deploy.0 = Release|Any CPU
		{5924F6F1-1090-4F05-A7F0-C0F8A902295A}.Release|ARM.ActiveCfg = Release|Any CPU
		{5924F6F1-1090-4F05-A7F0-C0F8A902295A}.Release|ARM.Build.0 = Release|Any CPU
		{5924F6F1-1090-4F05-A7F0-C0F8A902295A}.Release|ARM.Deploy.0 = Release|Any CPU
		{5924F6F1-1090-4F05-A7F0-C0F8A902295A}.Release|iPhone.ActiveCfg = Release|Any CPU
		{5924F6F1-1090-4F05-A7F0-C0F8A902295A}.Release|iPhone.Build.0 = Release|Any CPU
		{5924F6F1-1090-4F05-A7F0-C0F8A902295A}.Release|iPhone.Deploy.0 = Release|Any CPU
		{5924F6F1-1090-4F05-A7F0-C0F8A902295A}.Release|iPhoneSimulator.ActiveCfg = Release|Any CPU
		{5924F6F1-1090-4F05-A7F0-C0F8A902295A}.Release|iPhoneSimulator.Build.0 = Release|Any CPU
		{5924F6F1-1090-4F05-A7F0-C0F8A902295A}.Release|iPhoneSimulator.Deploy.0 = Release|Any CPU
		{5924F6F1-1090-4F05-A7F0-C0F8A902295A}.Release|x64.ActiveCfg = Release|Any CPU
		{5924F6F1-1090-4F05-A7F0-C0F8A902295A}.Release|x64.Build.0 = Release|Any CPU
		{5924F6F1-1090-4F05-A7F0-C0F8A902295A}.Release|x64.Deploy.0 = Release|Any CPU
		{5924F6F1-1090-4F05-A7F0-C0F8A902295A}.Release|x86.ActiveCfg = Release|Any CPU
		{5924F6F1-1090-4F05-A7F0-C0F8A902295A}.Release|x86.Build.0 = Release|Any CPU
		{5924F6F1-1090-4F05-A7F0-C0F8A902295A}.Release|x86.Deploy.0 = Release|Any CPU
		{81E790B9-B131-4B75-AB54-0685A254CD85}.Ad-Hoc|Any CPU.ActiveCfg = Ad-Hoc|iPhone
		{81E790B9-B131-4B75-AB54-0685A254CD85}.Ad-Hoc|Any CPU.Build.0 = Ad-Hoc|iPhone
		{81E790B9-B131-4B75-AB54-0685A254CD85}.Ad-Hoc|Any CPU.Deploy.0 = Ad-Hoc|iPhone
		{81E790B9-B131-4B75-AB54-0685A254CD85}.Ad-Hoc|ARM.ActiveCfg = Ad-Hoc|iPhone
		{81E790B9-B131-4B75-AB54-0685A254CD85}.Ad-Hoc|ARM.Build.0 = Ad-Hoc|iPhone
		{81E790B9-B131-4B75-AB54-0685A254CD85}.Ad-Hoc|ARM.Deploy.0 = Ad-Hoc|iPhone
		{81E790B9-B131-4B75-AB54-0685A254CD85}.Ad-Hoc|iPhone.ActiveCfg = Ad-Hoc|iPhone
		{81E790B9-B131-4B75-AB54-0685A254CD85}.Ad-Hoc|iPhone.Build.0 = Ad-Hoc|iPhone
		{81E790B9-B131-4B75-AB54-0685A254CD85}.Ad-Hoc|iPhone.Deploy.0 = Ad-Hoc|iPhone
		{81E790B9-B131-4B75-AB54-0685A254CD85}.Ad-Hoc|iPhoneSimulator.ActiveCfg = Ad-Hoc|iPhoneSimulator
		{81E790B9-B131-4B75-AB54-0685A254CD85}.Ad-Hoc|iPhoneSimulator.Build.0 = Ad-Hoc|iPhoneSimulator
		{81E790B9-B131-4B75-AB54-0685A254CD85}.Ad-Hoc|iPhoneSimulator.Deploy.0 = Ad-Hoc|iPhoneSimulator
		{81E790B9-B131-4B75-AB54-0685A254CD85}.Ad-Hoc|x64.ActiveCfg = Ad-Hoc|iPhone
		{81E790B9-B131-4B75-AB54-0685A254CD85}.Ad-Hoc|x64.Build.0 = Ad-Hoc|iPhone
		{81E790B9-B131-4B75-AB54-0685A254CD85}.Ad-Hoc|x64.Deploy.0 = Ad-Hoc|iPhone
		{81E790B9-B131-4B75-AB54-0685A254CD85}.Ad-Hoc|x86.ActiveCfg = Ad-Hoc|iPhone
		{81E790B9-B131-4B75-AB54-0685A254CD85}.Ad-Hoc|x86.Build.0 = Ad-Hoc|iPhone
		{81E790B9-B131-4B75-AB54-0685A254CD85}.Ad-Hoc|x86.Deploy.0 = Ad-Hoc|iPhone
		{81E790B9-B131-4B75-AB54-0685A254CD85}.AppStore|Any CPU.ActiveCfg = AppStore|iPhone
		{81E790B9-B131-4B75-AB54-0685A254CD85}.AppStore|Any CPU.Build.0 = AppStore|iPhone
		{81E790B9-B131-4B75-AB54-0685A254CD85}.AppStore|Any CPU.Deploy.0 = AppStore|iPhone
		{81E790B9-B131-4B75-AB54-0685A254CD85}.AppStore|ARM.ActiveCfg = AppStore|iPhone
		{81E790B9-B131-4B75-AB54-0685A254CD85}.AppStore|ARM.Build.0 = AppStore|iPhone
		{81E790B9-B131-4B75-AB54-0685A254CD85}.AppStore|ARM.Deploy.0 = AppStore|iPhone
		{81E790B9-B131-4B75-AB54-0685A254CD85}.AppStore|iPhone.ActiveCfg = AppStore|iPhone
		{81E790B9-B131-4B75-AB54-0685A254CD85}.AppStore|iPhone.Build.0 = AppStore|iPhone
		{81E790B9-B131-4B75-AB54-0685A254CD85}.AppStore|iPhone.Deploy.0 = AppStore|iPhone
		{81E790B9-B131-4B75-AB54-0685A254CD85}.AppStore|iPhoneSimulator.ActiveCfg = AppStore|iPhoneSimulator
		{81E790B9-B131-4B75-AB54-0685A254CD85}.AppStore|iPhoneSimulator.Build.0 = AppStore|iPhoneSimulator
		{81E790B9-B131-4B75-AB54-0685A254CD85}.AppStore|iPhoneSimulator.Deploy.0 = AppStore|iPhoneSimulator
		{81E790B9-B131-4B75-AB54-0685A254CD85}.AppStore|x64.ActiveCfg = AppStore|iPhone
		{81E790B9-B131-4B75-AB54-0685A254CD85}.AppStore|x64.Build.0 = AppStore|iPhone
		{81E790B9-B131-4B75-AB54-0685A254CD85}.AppStore|x64.Deploy.0 = AppStore|iPhone
		{81E790B9-B131-4B75-AB54-0685A254CD85}.AppStore|x86.ActiveCfg = AppStore|iPhone
		{81E790B9-B131-4B75-AB54-0685A254CD85}.AppStore|x86.Build.0 = AppStore|iPhone
		{81E790B9-B131-4B75-AB54-0685A254CD85}.AppStore|x86.Deploy.0 = AppStore|iPhone
		{81E790B9-B131-4B75-AB54-0685A254CD85}.Debug|Any CPU.ActiveCfg = Debug|iPhoneSimulator
		{81E790B9-B131-4B75-AB54-0685A254CD85}.Debug|Any CPU.Build.0 = Debug|iPhoneSimulator
		{81E790B9-B131-4B75-AB54-0685A254CD85}.Debug|Any CPU.Deploy.0 = Debug|iPhoneSimulator
		{81E790B9-B131-4B75-AB54-0685A254CD85}.Debug|ARM.ActiveCfg = Debug|iPhone
		{81E790B9-B131-4B75-AB54-0685A254CD85}.Debug|ARM.Build.0 = Debug|iPhone
		{81E790B9-B131-4B75-AB54-0685A254CD85}.Debug|ARM.Deploy.0 = Debug|iPhone
		{81E790B9-B131-4B75-AB54-0685A254CD85}.Debug|iPhone.ActiveCfg = Debug|iPhone
		{81E790B9-B131-4B75-AB54-0685A254CD85}.Debug|iPhone.Build.0 = Debug|iPhone
		{81E790B9-B131-4B75-AB54-0685A254CD85}.Debug|iPhone.Deploy.0 = Debug|iPhone
		{81E790B9-B131-4B75-AB54-0685A254CD85}.Debug|iPhoneSimulator.ActiveCfg = Debug|iPhoneSimulator
		{81E790B9-B131-4B75-AB54-0685A254CD85}.Debug|iPhoneSimulator.Build.0 = Debug|iPhoneSimulator
		{81E790B9-B131-4B75-AB54-0685A254CD85}.Debug|iPhoneSimulator.Deploy.0 = Debug|iPhoneSimulator
		{81E790B9-B131-4B75-AB54-0685A254CD85}.Debug|x64.ActiveCfg = Debug|iPhone
		{81E790B9-B131-4B75-AB54-0685A254CD85}.Debug|x64.Build.0 = Debug|iPhone
		{81E790B9-B131-4B75-AB54-0685A254CD85}.Debug|x64.Deploy.0 = Debug|iPhone
		{81E790B9-B131-4B75-AB54-0685A254CD85}.Debug|x86.ActiveCfg = Debug|iPhone
		{81E790B9-B131-4B75-AB54-0685A254CD85}.Debug|x86.Build.0 = Debug|iPhone
		{81E790B9-B131-4B75-AB54-0685A254CD85}.Debug|x86.Deploy.0 = Debug|iPhone
		{81E790B9-B131-4B75-AB54-0685A254CD85}.Release|Any CPU.ActiveCfg = Release|iPhone
		{81E790B9-B131-4B75-AB54-0685A254CD85}.Release|Any CPU.Build.0 = Release|iPhone
		{81E790B9-B131-4B75-AB54-0685A254CD85}.Release|Any CPU.Deploy.0 = Release|iPhone
		{81E790B9-B131-4B75-AB54-0685A254CD85}.Release|ARM.ActiveCfg = Release|iPhone
		{81E790B9-B131-4B75-AB54-0685A254CD85}.Release|ARM.Build.0 = Release|iPhone
		{81E790B9-B131-4B75-AB54-0685A254CD85}.Release|ARM.Deploy.0 = Release|iPhone
		{81E790B9-B131-4B75-AB54-0685A254CD85}.Release|iPhone.ActiveCfg = Release|iPhone
		{81E790B9-B131-4B75-AB54-0685A254CD85}.Release|iPhone.Build.0 = Release|iPhone
		{81E790B9-B131-4B75-AB54-0685A254CD85}.Release|iPhone.Deploy.0 = Release|iPhone
		{81E790B9-B131-4B75-AB54-0685A254CD85}.Release|iPhoneSimulator.ActiveCfg = Release|iPhoneSimulator
		{81E790B9-B131-4B75-AB54-0685A254CD85}.Release|iPhoneSimulator.Build.0 = Release|iPhoneSimulator
		{81E790B9-B131-4B75-AB54-0685A254CD85}.Release|iPhoneSimulator.Deploy.0 = Release|iPhoneSimulator
		{81E790B9-B131-4B75-AB54-0685A254CD85}.Release|x64.ActiveCfg = Release|iPhone
		{81E790B9-B131-4B75-AB54-0685A254CD85}.Release|x64.Build.0 = Release|iPhone
		{81E790B9-B131-4B75-AB54-0685A254CD85}.Release|x64.Deploy.0 = Release|iPhone
		{81E790B9-B131-4B75-AB54-0685A254CD85}.Release|x86.ActiveCfg = Release|iPhone
		{81E790B9-B131-4B75-AB54-0685A254CD85}.Release|x86.Build.0 = Release|iPhone
		{81E790B9-B131-4B75-AB54-0685A254CD85}.Release|x86.Deploy.0 = Release|iPhone
		{6358CD66-769D-442F-80F6-18B43882A4B6}.Ad-Hoc|Any CPU.ActiveCfg = Release|x86
		{6358CD66-769D-442F-80F6-18B43882A4B6}.Ad-Hoc|Any CPU.Build.0 = Release|x86
		{6358CD66-769D-442F-80F6-18B43882A4B6}.Ad-Hoc|Any CPU.Deploy.0 = Release|x86
		{6358CD66-769D-442F-80F6-18B43882A4B6}.Ad-Hoc|ARM.ActiveCfg = Release|ARM
		{6358CD66-769D-442F-80F6-18B43882A4B6}.Ad-Hoc|ARM.Build.0 = Release|ARM
		{6358CD66-769D-442F-80F6-18B43882A4B6}.Ad-Hoc|ARM.Deploy.0 = Release|ARM
		{6358CD66-769D-442F-80F6-18B43882A4B6}.Ad-Hoc|iPhone.ActiveCfg = Release|x86
		{6358CD66-769D-442F-80F6-18B43882A4B6}.Ad-Hoc|iPhone.Build.0 = Release|x86
		{6358CD66-769D-442F-80F6-18B43882A4B6}.Ad-Hoc|iPhone.Deploy.0 = Release|x86
		{6358CD66-769D-442F-80F6-18B43882A4B6}.Ad-Hoc|iPhoneSimulator.ActiveCfg = Release|x86
		{6358CD66-769D-442F-80F6-18B43882A4B6}.Ad-Hoc|iPhoneSimulator.Build.0 = Release|x86
		{6358CD66-769D-442F-80F6-18B43882A4B6}.Ad-Hoc|iPhoneSimulator.Deploy.0 = Release|x86
		{6358CD66-769D-442F-80F6-18B43882A4B6}.Ad-Hoc|x64.ActiveCfg = Release|x64
		{6358CD66-769D-442F-80F6-18B43882A4B6}.Ad-Hoc|x64.Build.0 = Release|x64
		{6358CD66-769D-442F-80F6-18B43882A4B6}.Ad-Hoc|x64.Deploy.0 = Release|x64
		{6358CD66-769D-442F-80F6-18B43882A4B6}.Ad-Hoc|x86.ActiveCfg = Release|x86
		{6358CD66-769D-442F-80F6-18B43882A4B6}.Ad-Hoc|x86.Build.0 = Release|x86
		{6358CD66-769D-442F-80F6-18B43882A4B6}.Ad-Hoc|x86.Deploy.0 = Release|x86
		{6358CD66-769D-442F-80F6-18B43882A4B6}.AppStore|Any CPU.ActiveCfg = Release|x86
		{6358CD66-769D-442F-80F6-18B43882A4B6}.AppStore|Any CPU.Build.0 = Release|x86
		{6358CD66-769D-442F-80F6-18B43882A4B6}.AppStore|Any CPU.Deploy.0 = Release|x86
		{6358CD66-769D-442F-80F6-18B43882A4B6}.AppStore|ARM.ActiveCfg = Release|ARM
		{6358CD66-769D-442F-80F6-18B43882A4B6}.AppStore|ARM.Build.0 = Release|ARM
		{6358CD66-769D-442F-80F6-18B43882A4B6}.AppStore|ARM.Deploy.0 = Release|ARM
		{6358CD66-769D-442F-80F6-18B43882A4B6}.AppStore|iPhone.ActiveCfg = Release|x86
		{6358CD66-769D-442F-80F6-18B43882A4B6}.AppStore|iPhone.Build.0 = Release|x86
		{6358CD66-769D-442F-80F6-18B43882A4B6}.AppStore|iPhone.Deploy.0 = Release|x86
		{6358CD66-769D-442F-80F6-18B43882A4B6}.AppStore|iPhoneSimulator.ActiveCfg = Release|x86
		{6358CD66-769D-442F-80F6-18B43882A4B6}.AppStore|iPhoneSimulator.Build.0 = Release|x86
		{6358CD66-769D-442F-80F6-18B43882A4B6}.AppStore|iPhoneSimulator.Deploy.0 = Release|x86
		{6358CD66-769D-442F-80F6-18B43882A4B6}.AppStore|x64.ActiveCfg = Release|x64
		{6358CD66-769D-442F-80F6-18B43882A4B6}.AppStore|x64.Build.0 = Release|x64
		{6358CD66-769D-442F-80F6-18B43882A4B6}.AppStore|x64.Deploy.0 = Release|x64
		{6358CD66-769D-442F-80F6-18B43882A4B6}.AppStore|x86.ActiveCfg = Release|x86
		{6358CD66-769D-442F-80F6-18B43882A4B6}.AppStore|x86.Build.0 = Release|x86
		{6358CD66-769D-442F-80F6-18B43882A4B6}.AppStore|x86.Deploy.0 = Release|x86
		{6358CD66-769D-442F-80F6-18B43882A4B6}.Debug|Any CPU.ActiveCfg = Debug|x86
		{6358CD66-769D-442F-80F6-18B43882A4B6}.Debug|Any CPU.Build.0 = Debug|x86
		{6358CD66-769D-442F-80F6-18B43882A4B6}.Debug|Any CPU.Deploy.0 = Debug|x86
		{6358CD66-769D-442F-80F6-18B43882A4B6}.Debug|ARM.ActiveCfg = Debug|ARM
		{6358CD66-769D-442F-80F6-18B43882A4B6}.Debug|ARM.Build.0 = Debug|ARM
		{6358CD66-769D-442F-80F6-18B43882A4B6}.Debug|ARM.Deploy.0 = Debug|ARM
		{6358CD66-769D-442F-80F6-18B43882A4B6}.Debug|iPhone.ActiveCfg = Debug|x86
		{6358CD66-769D-442F-80F6-18B43882A4B6}.Debug|iPhone.Build.0 = Debug|x86
		{6358CD66-769D-442F-80F6-18B43882A4B6}.Debug|iPhone.Deploy.0 = Debug|x86
		{6358CD66-769D-442F-80F6-18B43882A4B6}.Debug|iPhoneSimulator.ActiveCfg = Debug|x86
		{6358CD66-769D-442F-80F6-18B43882A4B6}.Debug|iPhoneSimulator.Build.0 = Debug|x86
		{6358CD66-769D-442F-80F6-18B43882A4B6}.Debug|iPhoneSimulator.Deploy.0 = Debug|x86
		{6358CD66-769D-442F-80F6-18B43882A4B6}.Debug|x64.ActiveCfg = Debug|x64
		{6358CD66-769D-442F-80F6-18B43882A4B6}.Debug|x64.Build.0 = Debug|x64
		{6358CD66-769D-442F-80F6-18B43882A4B6}.Debug|x64.Deploy.0 = Debug|x64
		{6358CD66-769D-442F-80F6-18B43882A4B6}.Debug|x86.ActiveCfg = Debug|x86
		{6358CD66-769D-442F-80F6-18B43882A4B6}.Debug|x86.Build.0 = Debug|x86
		{6358CD66-769D-442F-80F6-18B43882A4B6}.Debug|x86.Deploy.0 = Debug|x86
		{6358CD66-769D-442F-80F6-18B43882A4B6}.Release|Any CPU.ActiveCfg = Release|x86
		{6358CD66-769D-442F-80F6-18B43882A4B6}.Release|Any CPU.Build.0 = Release|x86
		{6358CD66-769D-442F-80F6-18B43882A4B6}.Release|Any CPU.Deploy.0 = Release|x86
		{6358CD66-769D-442F-80F6-18B43882A4B6}.Release|ARM.ActiveCfg = Release|ARM
		{6358CD66-769D-442F-80F6-18B43882A4B6}.Release|ARM.Build.0 = Release|ARM
		{6358CD66-769D-442F-80F6-18B43882A4B6}.Release|ARM.Deploy.0 = Release|ARM
		{6358CD66-769D-442F-80F6-18B43882A4B6}.Release|iPhone.ActiveCfg = Release|x86
		{6358CD66-769D-442F-80F6-18B43882A4B6}.Release|iPhone.Build.0 = Release|x86
		{6358CD66-769D-442F-80F6-18B43882A4B6}.Release|iPhone.Deploy.0 = Release|x86
		{6358CD66-769D-442F-80F6-18B43882A4B6}.Release|iPhoneSimulator.ActiveCfg = Release|x86
		{6358CD66-769D-442F-80F6-18B43882A4B6}.Release|iPhoneSimulator.Build.0 = Release|x86
		{6358CD66-769D-442F-80F6-18B43882A4B6}.Release|iPhoneSimulator.Deploy.0 = Release|x86
		{6358CD66-769D-442F-80F6-18B43882A4B6}.Release|x64.ActiveCfg = Release|x64
		{6358CD66-769D-442F-80F6-18B43882A4B6}.Release|x64.Build.0 = Release|x64
		{6358CD66-769D-442F-80F6-18B43882A4B6}.Release|x64.Deploy.0 = Release|x64
		{6358CD66-769D-442F-80F6-18B43882A4B6}.Release|x86.ActiveCfg = Release|x86
		{6358CD66-769D-442F-80F6-18B43882A4B6}.Release|x86.Build.0 = Release|x86
		{6358CD66-769D-442F-80F6-18B43882A4B6}.Release|x86.Deploy.0 = Release|x86
	EndGlobalSection
	GlobalSection(SolutionProperties) = preSolution
		HideSolutionNode = FALSE
	EndGlobalSection
	GlobalSection(ExtensibilityGlobals) = postSolution
		SolutionGuid = {27852A7A-9B61-41A9-B319-5EDA2244FF75}
	EndGlobalSection
EndGlobal
