
Microsoft Visual Studio Solution File, Format Version 12.00
# Visual Studio 15
VisualStudioVersion = 15.0.27703.2042
MinimumVisualStudioVersion = 10.0.40219.1
Project("{FAE04EC0-301F-11D3-BF4B-00C04F79EFBC}") = "App01_ConsultarCEP.Android", "App01_ConsultarCEP\App01_ConsultarCEP.Android\App01_ConsultarCEP.Android.csproj", "{6A120EE0-4F32-4270-9A25-3887F8678791}"
EndProject
Project("{FAE04EC0-301F-11D3-BF4B-00C04F79EFBC}") = "App01_ConsultarCEP.iOS", "App01_ConsultarCEP\App01_ConsultarCEP.iOS\App01_ConsultarCEP.iOS.csproj", "{86C113CF-BEAD-4B18-88F0-8C076ED9FBD8}"
EndProject
Project("{FAE04EC0-301F-11D3-BF4B-00C04F79EFBC}") = "App01_ConsultarCEP.UWP", "App01_ConsultarCEP\App01_ConsultarCEP.UWP\App01_ConsultarCEP.UWP.csproj", "{39A5C2D1-F339-4CEB-958B-85B710D6F326}"
EndProject
Project("{FAE04EC0-301F-11D3-BF4B-00C04F79EFBC}") = "App01_ConsultarCEP", "App01_ConsultarCEP\App01_ConsultarCEP\App01_ConsultarCEP.csproj", "{BA7A132B-92D2-48C7-A9A1-F1996DA53423}"
EndProject
Global
	GlobalSection(SolutionConfigurationPlatforms) = preSolution
		Ad-Hoc|Any CPU = Ad-Hoc|Any CPU
		Ad-Hoc|ARM = Ad-Hoc|ARM
		Ad-Hoc|iPhone = Ad-Hoc|iPhone
		Ad-Hoc|iPhoneSimulator = Ad-Hoc|iPhoneSimulator
		Ad-Hoc|x64 = Ad-Hoc|x64
		Ad-Hoc|x86 = Ad-Hoc|x86
		AppStore|Any CPU = AppStore|Any CPU
		AppStore|ARM = AppStore|ARM
		AppStore|iPhone = AppStore|iPhone
		AppStore|iPhoneSimulator = AppStore|iPhoneSimulator
		AppStore|x64 = AppStore|x64
		AppStore|x86 = AppStore|x86
		Debug|Any CPU = Debug|Any CPU
		Debug|ARM = Debug|ARM
		Debug|iPhone = Debug|iPhone
		Debug|iPhoneSimulator = Debug|iPhoneSimulator
		Debug|x64 = Debug|x64
		Debug|x86 = Debug|x86
		Release|Any CPU = Release|Any CPU
		Release|ARM = Release|ARM
		Release|iPhone = Release|iPhone
		Release|iPhoneSimulator = Release|iPhoneSimulator
		Release|x64 = Release|x64
		Release|x86 = Release|x86
	EndGlobalSection
	GlobalSection(ProjectConfigurationPlatforms) = postSolution
		{6A120EE0-4F32-4270-9A25-3887F8678791}.Ad-Hoc|Any CPU.ActiveCfg = Release|Any CPU
		{6A120EE0-4F32-4270-9A25-3887F8678791}.Ad-Hoc|Any CPU.Build.0 = Release|Any CPU
		{6A120EE0-4F32-4270-9A25-3887F8678791}.Ad-Hoc|Any CPU.Deploy.0 = Release|Any CPU
		{6A120EE0-4F32-4270-9A25-3887F8678791}.Ad-Hoc|ARM.ActiveCfg = Release|Any CPU
		{6A120EE0-4F32-4270-9A25-3887F8678791}.Ad-Hoc|ARM.Build.0 = Release|Any CPU
		{6A120EE0-4F32-4270-9A25-3887F8678791}.Ad-Hoc|ARM.Deploy.0 = Release|Any CPU
		{6A120EE0-4F32-4270-9A25-3887F8678791}.Ad-Hoc|iPhone.ActiveCfg = Release|Any CPU
		{6A120EE0-4F32-4270-9A25-3887F8678791}.Ad-Hoc|iPhone.Build.0 = Release|Any CPU
		{6A120EE0-4F32-4270-9A25-3887F8678791}.Ad-Hoc|iPhone.Deploy.0 = Release|Any CPU
		{6A120EE0-4F32-4270-9A25-3887F8678791}.Ad-Hoc|iPhoneSimulator.ActiveCfg = Release|Any CPU
		{6A120EE0-4F32-4270-9A25-3887F8678791}.Ad-Hoc|iPhoneSimulator.Build.0 = Release|Any CPU
		{6A120EE0-4F32-4270-9A25-3887F8678791}.Ad-Hoc|iPhoneSimulator.Deploy.0 = Release|Any CPU
		{6A120EE0-4F32-4270-9A25-3887F8678791}.Ad-Hoc|x64.ActiveCfg = Release|Any CPU
		{6A120EE0-4F32-4270-9A25-3887F8678791}.Ad-Hoc|x64.Build.0 = Release|Any CPU
		{6A120EE0-4F32-4270-9A25-3887F8678791}.Ad-Hoc|x64.Deploy.0 = Release|Any CPU
		{6A120EE0-4F32-4270-9A25-3887F8678791}.Ad-Hoc|x86.ActiveCfg = Release|Any CPU
		{6A120EE0-4F32-4270-9A25-3887F8678791}.Ad-Hoc|x86.Build.0 = Release|Any CPU
		{6A120EE0-4F32-4270-9A25-3887F8678791}.Ad-Hoc|x86.Deploy.0 = Release|Any CPU
		{6A120EE0-4F32-4270-9A25-3887F8678791}.AppStore|Any CPU.ActiveCfg = Release|Any CPU
		{6A120EE0-4F32-4270-9A25-3887F8678791}.AppStore|Any CPU.Build.0 = Release|Any CPU
		{6A120EE0-4F32-4270-9A25-3887F8678791}.AppStore|Any CPU.Deploy.0 = Release|Any CPU
		{6A120EE0-4F32-4270-9A25-3887F8678791}.AppStore|ARM.ActiveCfg = Release|Any CPU
		{6A120EE0-4F32-4270-9A25-3887F8678791}.AppStore|ARM.Build.0 = Release|Any CPU
		{6A120EE0-4F32-4270-9A25-3887F8678791}.AppStore|ARM.Deploy.0 = Release|Any CPU
		{6A120EE0-4F32-4270-9A25-3887F8678791}.AppStore|iPhone.ActiveCfg = Release|Any CPU
		{6A120EE0-4F32-4270-9A25-3887F8678791}.AppStore|iPhone.Build.0 = Release|Any CPU
		{6A120EE0-4F32-4270-9A25-3887F8678791}.AppStore|iPhone.Deploy.0 = Release|Any CPU
		{6A120EE0-4F32-4270-9A25-3887F8678791}.AppStore|iPhoneSimulator.ActiveCfg = Release|Any CPU
		{6A120EE0-4F32-4270-9A25-3887F8678791}.AppStore|iPhoneSimulator.Build.0 = Release|Any CPU
		{6A120EE0-4F32-4270-9A25-3887F8678791}.AppStore|iPhoneSimulator.Deploy.0 = Release|Any CPU
		{6A120EE0-4F32-4270-9A25-3887F8678791}.AppStore|x64.ActiveCfg = Release|Any CPU
		{6A120EE0-4F32-4270-9A25-3887F8678791}.AppStore|x64.Build.0 = Release|Any CPU
		{6A120EE0-4F32-4270-9A25-3887F8678791}.AppStore|x64.Deploy.0 = Release|Any CPU
		{6A120EE0-4F32-4270-9A25-3887F8678791}.AppStore|x86.ActiveCfg = Release|Any CPU
		{6A120EE0-4F32-4270-9A25-3887F8678791}.AppStore|x86.Build.0 = Release|Any CPU
		{6A120EE0-4F32-4270-9A25-3887F8678791}.AppStore|x86.Deploy.0 = Release|Any CPU
		{6A120EE0-4F32-4270-9A25-3887F8678791}.Debug|Any CPU.ActiveCfg = Debug|Any CPU
		{6A120EE0-4F32-4270-9A25-3887F8678791}.Debug|Any CPU.Build.0 = Debug|Any CPU
		{6A120EE0-4F32-4270-9A25-3887F8678791}.Debug|Any CPU.Deploy.0 = Debug|Any CPU
		{6A120EE0-4F32-4270-9A25-3887F8678791}.Debug|ARM.ActiveCfg = Debug|Any CPU
		{6A120EE0-4F32-4270-9A25-3887F8678791}.Debug|ARM.Build.0 = Debug|Any CPU
		{6A120EE0-4F32-4270-9A25-3887F8678791}.Debug|ARM.Deploy.0 = Debug|Any CPU
		{6A120EE0-4F32-4270-9A25-3887F8678791}.Debug|iPhone.ActiveCfg = Debug|Any CPU
		{6A120EE0-4F32-4270-9A25-3887F8678791}.Debug|iPhone.Build.0 = Debug|Any CPU
		{6A120EE0-4F32-4270-9A25-3887F8678791}.Debug|iPhone.Deploy.0 = Debug|Any CPU
		{6A120EE0-4F32-4270-9A25-3887F8678791}.Debug|iPhoneSimulator.ActiveCfg = Debug|Any CPU
		{6A120EE0-4F32-4270-9A25-3887F8678791}.Debug|iPhoneSimulator.Build.0 = Debug|Any CPU
		{6A120EE0-4F32-4270-9A25-3887F8678791}.Debug|iPhoneSimulator.Deploy.0 = Debug|Any CPU
		{6A120EE0-4F32-4270-9A25-3887F8678791}.Debug|x64.ActiveCfg = Debug|Any CPU
		{6A120EE0-4F32-4270-9A25-3887F8678791}.Debug|x64.Build.0 = Debug|Any CPU
		{6A120EE0-4F32-4270-9A25-3887F8678791}.Debug|x64.Deploy.0 = Debug|Any CPU
		{6A120EE0-4F32-4270-9A25-3887F8678791}.Debug|x86.ActiveCfg = Debug|Any CPU
		{6A120EE0-4F32-4270-9A25-3887F8678791}.Debug|x86.Build.0 = Debug|Any CPU
		{6A120EE0-4F32-4270-9A25-3887F8678791}.Debug|x86.Deploy.0 = Debug|Any CPU
		{6A120EE0-4F32-4270-9A25-3887F8678791}.Release|Any CPU.ActiveCfg = Release|Any CPU
		{6A120EE0-4F32-4270-9A25-3887F8678791}.Release|Any CPU.Build.0 = Release|Any CPU
		{6A120EE0-4F32-4270-9A25-3887F8678791}.Release|Any CPU.Deploy.0 = Release|Any CPU
		{6A120EE0-4F32-4270-9A25-3887F8678791}.Release|ARM.ActiveCfg = Release|Any CPU
		{6A120EE0-4F32-4270-9A25-3887F8678791}.Release|ARM.Build.0 = Release|Any CPU
		{6A120EE0-4F32-4270-9A25-3887F8678791}.Release|ARM.Deploy.0 = Release|Any CPU
		{6A120EE0-4F32-4270-9A25-3887F8678791}.Release|iPhone.ActiveCfg = Release|Any CPU
		{6A120EE0-4F32-4270-9A25-3887F8678791}.Release|iPhone.Build.0 = Release|Any CPU
		{6A120EE0-4F32-4270-9A25-3887F8678791}.Release|iPhone.Deploy.0 = Release|Any CPU
		{6A120EE0-4F32-4270-9A25-3887F8678791}.Release|iPhoneSimulator.ActiveCfg = Release|Any CPU
		{6A120EE0-4F32-4270-9A25-3887F8678791}.Release|iPhoneSimulator.Build.0 = Release|Any CPU
		{6A120EE0-4F32-4270-9A25-3887F8678791}.Release|iPhoneSimulator.Deploy.0 = Release|Any CPU
		{6A120EE0-4F32-4270-9A25-3887F8678791}.Release|x64.ActiveCfg = Release|Any CPU
		{6A120EE0-4F32-4270-9A25-3887F8678791}.Release|x64.Build.0 = Release|Any CPU
		{6A120EE0-4F32-4270-9A25-3887F8678791}.Release|x64.Deploy.0 = Release|Any CPU
		{6A120EE0-4F32-4270-9A25-3887F8678791}.Release|x86.ActiveCfg = Release|Any CPU
		{6A120EE0-4F32-4270-9A25-3887F8678791}.Release|x86.Build.0 = Release|Any CPU
		{6A120EE0-4F32-4270-9A25-3887F8678791}.Release|x86.Deploy.0 = Release|Any CPU
		{86C113CF-BEAD-4B18-88F0-8C076ED9FBD8}.Ad-Hoc|Any CPU.ActiveCfg = Ad-Hoc|iPhone
		{86C113CF-BEAD-4B18-88F0-8C076ED9FBD8}.Ad-Hoc|Any CPU.Build.0 = Ad-Hoc|iPhone
		{86C113CF-BEAD-4B18-88F0-8C076ED9FBD8}.Ad-Hoc|Any CPU.Deploy.0 = Ad-Hoc|iPhone
		{86C113CF-BEAD-4B18-88F0-8C076ED9FBD8}.Ad-Hoc|ARM.ActiveCfg = Ad-Hoc|iPhone
		{86C113CF-BEAD-4B18-88F0-8C076ED9FBD8}.Ad-Hoc|ARM.Build.0 = Ad-Hoc|iPhone
		{86C113CF-BEAD-4B18-88F0-8C076ED9FBD8}.Ad-Hoc|ARM.Deploy.0 = Ad-Hoc|iPhone
		{86C113CF-BEAD-4B18-88F0-8C076ED9FBD8}.Ad-Hoc|iPhone.ActiveCfg = Ad-Hoc|iPhone
		{86C113CF-BEAD-4B18-88F0-8C076ED9FBD8}.Ad-Hoc|iPhone.Build.0 = Ad-Hoc|iPhone
		{86C113CF-BEAD-4B18-88F0-8C076ED9FBD8}.Ad-Hoc|iPhone.Deploy.0 = Ad-Hoc|iPhone
		{86C113CF-BEAD-4B18-88F0-8C076ED9FBD8}.Ad-Hoc|iPhoneSimulator.ActiveCfg = Ad-Hoc|iPhoneSimulator
		{86C113CF-BEAD-4B18-88F0-8C076ED9FBD8}.Ad-Hoc|iPhoneSimulator.Build.0 = Ad-Hoc|iPhoneSimulator
		{86C113CF-BEAD-4B18-88F0-8C076ED9FBD8}.Ad-Hoc|iPhoneSimulator.Deploy.0 = Ad-Hoc|iPhoneSimulator
		{86C113CF-BEAD-4B18-88F0-8C076ED9FBD8}.Ad-Hoc|x64.ActiveCfg = Ad-Hoc|iPhone
		{86C113CF-BEAD-4B18-88F0-8C076ED9FBD8}.Ad-Hoc|x64.Build.0 = Ad-Hoc|iPhone
		{86C113CF-BEAD-4B18-88F0-8C076ED9FBD8}.Ad-Hoc|x64.Deploy.0 = Ad-Hoc|iPhone
		{86C113CF-BEAD-4B18-88F0-8C076ED9FBD8}.Ad-Hoc|x86.ActiveCfg = Ad-Hoc|iPhone
		{86C113CF-BEAD-4B18-88F0-8C076ED9FBD8}.Ad-Hoc|x86.Build.0 = Ad-Hoc|iPhone
		{86C113CF-BEAD-4B18-88F0-8C076ED9FBD8}.Ad-Hoc|x86.Deploy.0 = Ad-Hoc|iPhone
		{86C113CF-BEAD-4B18-88F0-8C076ED9FBD8}.AppStore|Any CPU.ActiveCfg = AppStore|iPhone
		{86C113CF-BEAD-4B18-88F0-8C076ED9FBD8}.AppStore|Any CPU.Build.0 = AppStore|iPhone
		{86C113CF-BEAD-4B18-88F0-8C076ED9FBD8}.AppStore|Any CPU.Deploy.0 = AppStore|iPhone
		{86C113CF-BEAD-4B18-88F0-8C076ED9FBD8}.AppStore|ARM.ActiveCfg = AppStore|iPhone
		{86C113CF-BEAD-4B18-88F0-8C076ED9FBD8}.AppStore|ARM.Build.0 = AppStore|iPhone
		{86C113CF-BEAD-4B18-88F0-8C076ED9FBD8}.AppStore|ARM.Deploy.0 = AppStore|iPhone
		{86C113CF-BEAD-4B18-88F0-8C076ED9FBD8}.AppStore|iPhone.ActiveCfg = AppStore|iPhone
		{86C113CF-BEAD-4B18-88F0-8C076ED9FBD8}.AppStore|iPhone.Build.0 = AppStore|iPhone
		{86C113CF-BEAD-4B18-88F0-8C076ED9FBD8}.AppStore|iPhone.Deploy.0 = AppStore|iPhone
		{86C113CF-BEAD-4B18-88F0-8C076ED9FBD8}.AppStore|iPhoneSimulator.ActiveCfg = AppStore|iPhoneSimulator
		{86C113CF-BEAD-4B18-88F0-8C076ED9FBD8}.AppStore|iPhoneSimulator.Build.0 = AppStore|iPhoneSimulator
		{86C113CF-BEAD-4B18-88F0-8C076ED9FBD8}.AppStore|iPhoneSimulator.Deploy.0 = AppStore|iPhoneSimulator
		{86C113CF-BEAD-4B18-88F0-8C076ED9FBD8}.AppStore|x64.ActiveCfg = AppStore|iPhone
		{86C113CF-BEAD-4B18-88F0-8C076ED9FBD8}.AppStore|x64.Build.0 = AppStore|iPhone
		{86C113CF-BEAD-4B18-88F0-8C076ED9FBD8}.AppStore|x64.Deploy.0 = AppStore|iPhone
		{86C113CF-BEAD-4B18-88F0-8C076ED9FBD8}.AppStore|x86.ActiveCfg = AppStore|iPhone
		{86C113CF-BEAD-4B18-88F0-8C076ED9FBD8}.AppStore|x86.Build.0 = AppStore|iPhone
		{86C113CF-BEAD-4B18-88F0-8C076ED9FBD8}.AppStore|x86.Deploy.0 = AppStore|iPhone
		{86C113CF-BEAD-4B18-88F0-8C076ED9FBD8}.Debug|Any CPU.ActiveCfg = Debug|iPhoneSimulator
		{86C113CF-BEAD-4B18-88F0-8C076ED9FBD8}.Debug|Any CPU.Build.0 = Debug|iPhoneSimulator
		{86C113CF-BEAD-4B18-88F0-8C076ED9FBD8}.Debug|Any CPU.Deploy.0 = Debug|iPhoneSimulator
		{86C113CF-BEAD-4B18-88F0-8C076ED9FBD8}.Debug|ARM.ActiveCfg = Debug|iPhone
		{86C113CF-BEAD-4B18-88F0-8C076ED9FBD8}.Debug|ARM.Build.0 = Debug|iPhone
		{86C113CF-BEAD-4B18-88F0-8C076ED9FBD8}.Debug|ARM.Deploy.0 = Debug|iPhone
		{86C113CF-BEAD-4B18-88F0-8C076ED9FBD8}.Debug|iPhone.ActiveCfg = Debug|iPhone
		{86C113CF-BEAD-4B18-88F0-8C076ED9FBD8}.Debug|iPhone.Build.0 = Debug|iPhone
		{86C113CF-BEAD-4B18-88F0-8C076ED9FBD8}.Debug|iPhone.Deploy.0 = Debug|iPhone
		{86C113CF-BEAD-4B18-88F0-8C076ED9FBD8}.Debug|iPhoneSimulator.ActiveCfg = Debug|iPhoneSimulator
		{86C113CF-BEAD-4B18-88F0-8C076ED9FBD8}.Debug|iPhoneSimulator.Build.0 = Debug|iPhoneSimulator
		{86C113CF-BEAD-4B18-88F0-8C076ED9FBD8}.Debug|iPhoneSimulator.Deploy.0 = Debug|iPhoneSimulator
		{86C113CF-BEAD-4B18-88F0-8C076ED9FBD8}.Debug|x64.ActiveCfg = Debug|iPhone
		{86C113CF-BEAD-4B18-88F0-8C076ED9FBD8}.Debug|x64.Build.0 = Debug|iPhone
		{86C113CF-BEAD-4B18-88F0-8C076ED9FBD8}.Debug|x64.Deploy.0 = Debug|iPhone
		{86C113CF-BEAD-4B18-88F0-8C076ED9FBD8}.Debug|x86.ActiveCfg = Debug|iPhone
		{86C113CF-BEAD-4B18-88F0-8C076ED9FBD8}.Debug|x86.Build.0 = Debug|iPhone
		{86C113CF-BEAD-4B18-88F0-8C076ED9FBD8}.Debug|x86.Deploy.0 = Debug|iPhone
		{86C113CF-BEAD-4B18-88F0-8C076ED9FBD8}.Release|Any CPU.ActiveCfg = Release|iPhone
		{86C113CF-BEAD-4B18-88F0-8C076ED9FBD8}.Release|Any CPU.Build.0 = Release|iPhone
		{86C113CF-BEAD-4B18-88F0-8C076ED9FBD8}.Release|Any CPU.Deploy.0 = Release|iPhone
		{86C113CF-BEAD-4B18-88F0-8C076ED9FBD8}.Release|ARM.ActiveCfg = Release|iPhone
		{86C113CF-BEAD-4B18-88F0-8C076ED9FBD8}.Release|ARM.Build.0 = Release|iPhone
		{86C113CF-BEAD-4B18-88F0-8C076ED9FBD8}.Release|ARM.Deploy.0 = Release|iPhone
		{86C113CF-BEAD-4B18-88F0-8C076ED9FBD8}.Release|iPhone.ActiveCfg = Release|iPhone
		{86C113CF-BEAD-4B18-88F0-8C076ED9FBD8}.Release|iPhone.Build.0 = Release|iPhone
		{86C113CF-BEAD-4B18-88F0-8C076ED9FBD8}.Release|iPhone.Deploy.0 = Release|iPhone
		{86C113CF-BEAD-4B18-88F0-8C076ED9FBD8}.Release|iPhoneSimulator.ActiveCfg = Release|iPhoneSimulator
		{86C113CF-BEAD-4B18-88F0-8C076ED9FBD8}.Release|iPhoneSimulator.Build.0 = Release|iPhoneSimulator
		{86C113CF-BEAD-4B18-88F0-8C076ED9FBD8}.Release|iPhoneSimulator.Deploy.0 = Release|iPhoneSimulator
		{86C113CF-BEAD-4B18-88F0-8C076ED9FBD8}.Release|x64.ActiveCfg = Release|iPhone
		{86C113CF-BEAD-4B18-88F0-8C076ED9FBD8}.Release|x64.Build.0 = Release|iPhone
		{86C113CF-BEAD-4B18-88F0-8C076ED9FBD8}.Release|x64.Deploy.0 = Release|iPhone
		{86C113CF-BEAD-4B18-88F0-8C076ED9FBD8}.Release|x86.ActiveCfg = Release|iPhone
		{86C113CF-BEAD-4B18-88F0-8C076ED9FBD8}.Release|x86.Build.0 = Release|iPhone
		{86C113CF-BEAD-4B18-88F0-8C076ED9FBD8}.Release|x86.Deploy.0 = Release|iPhone
		{39A5C2D1-F339-4CEB-958B-85B710D6F326}.Ad-Hoc|Any CPU.ActiveCfg = Release|x86
		{39A5C2D1-F339-4CEB-958B-85B710D6F326}.Ad-Hoc|Any CPU.Build.0 = Release|x86
		{39A5C2D1-F339-4CEB-958B-85B710D6F326}.Ad-Hoc|Any CPU.Deploy.0 = Release|x86
		{39A5C2D1-F339-4CEB-958B-85B710D6F326}.Ad-Hoc|ARM.ActiveCfg = Release|ARM
		{39A5C2D1-F339-4CEB-958B-85B710D6F326}.Ad-Hoc|ARM.Build.0 = Release|ARM
		{39A5C2D1-F339-4CEB-958B-85B710D6F326}.Ad-Hoc|ARM.Deploy.0 = Release|ARM
		{39A5C2D1-F339-4CEB-958B-85B710D6F326}.Ad-Hoc|iPhone.ActiveCfg = Release|x86
		{39A5C2D1-F339-4CEB-958B-85B710D6F326}.Ad-Hoc|iPhone.Build.0 = Release|x86
		{39A5C2D1-F339-4CEB-958B-85B710D6F326}.Ad-Hoc|iPhone.Deploy.0 = Release|x86
		{39A5C2D1-F339-4CEB-958B-85B710D6F326}.Ad-Hoc|iPhoneSimulator.ActiveCfg = Release|x86
		{39A5C2D1-F339-4CEB-958B-85B710D6F326}.Ad-Hoc|iPhoneSimulator.Build.0 = Release|x86
		{39A5C2D1-F339-4CEB-958B-85B710D6F326}.Ad-Hoc|iPhoneSimulator.Deploy.0 = Release|x86
		{39A5C2D1-F339-4CEB-958B-85B710D6F326}.Ad-Hoc|x64.ActiveCfg = Release|x64
		{39A5C2D1-F339-4CEB-958B-85B710D6F326}.Ad-Hoc|x64.Build.0 = Release|x64
		{39A5C2D1-F339-4CEB-958B-85B710D6F326}.Ad-Hoc|x64.Deploy.0 = Release|x64
		{39A5C2D1-F339-4CEB-958B-85B710D6F326}.Ad-Hoc|x86.ActiveCfg = Release|x86
		{39A5C2D1-F339-4CEB-958B-85B710D6F326}.Ad-Hoc|x86.Build.0 = Release|x86
		{39A5C2D1-F339-4CEB-958B-85B710D6F326}.Ad-Hoc|x86.Deploy.0 = Release|x86
		{39A5C2D1-F339-4CEB-958B-85B710D6F326}.AppStore|Any CPU.ActiveCfg = Release|x86
		{39A5C2D1-F339-4CEB-958B-85B710D6F326}.AppStore|Any CPU.Build.0 = Release|x86
		{39A5C2D1-F339-4CEB-958B-85B710D6F326}.AppStore|Any CPU.Deploy.0 = Release|x86
		{39A5C2D1-F339-4CEB-958B-85B710D6F326}.AppStore|ARM.ActiveCfg = Release|ARM
		{39A5C2D1-F339-4CEB-958B-85B710D6F326}.AppStore|ARM.Build.0 = Release|ARM
		{39A5C2D1-F339-4CEB-958B-85B710D6F326}.AppStore|ARM.Deploy.0 = Release|ARM
		{39A5C2D1-F339-4CEB-958B-85B710D6F326}.AppStore|iPhone.ActiveCfg = Release|x86
		{39A5C2D1-F339-4CEB-958B-85B710D6F326}.AppStore|iPhone.Build.0 = Release|x86
		{39A5C2D1-F339-4CEB-958B-85B710D6F326}.AppStore|iPhone.Deploy.0 = Release|x86
		{39A5C2D1-F339-4CEB-958B-85B710D6F326}.AppStore|iPhoneSimulator.ActiveCfg = Release|x86
		{39A5C2D1-F339-4CEB-958B-85B710D6F326}.AppStore|iPhoneSimulator.Build.0 = Release|x86
		{39A5C2D1-F339-4CEB-958B-85B710D6F326}.AppStore|iPhoneSimulator.Deploy.0 = Release|x86
		{39A5C2D1-F339-4CEB-958B-85B710D6F326}.AppStore|x64.ActiveCfg = Release|x64
		{39A5C2D1-F339-4CEB-958B-85B710D6F326}.AppStore|x64.Build.0 = Release|x64
		{39A5C2D1-F339-4CEB-958B-85B710D6F326}.AppStore|x64.Deploy.0 = Release|x64
		{39A5C2D1-F339-4CEB-958B-85B710D6F326}.AppStore|x86.ActiveCfg = Release|x86
		{39A5C2D1-F339-4CEB-958B-85B710D6F326}.AppStore|x86.Build.0 = Release|x86
		{39A5C2D1-F339-4CEB-958B-85B710D6F326}.AppStore|x86.Deploy.0 = Release|x86
		{39A5C2D1-F339-4CEB-958B-85B710D6F326}.Debug|Any CPU.ActiveCfg = Debug|x86
		{39A5C2D1-F339-4CEB-958B-85B710D6F326}.Debug|Any CPU.Build.0 = Debug|x86
		{39A5C2D1-F339-4CEB-958B-85B710D6F326}.Debug|Any CPU.Deploy.0 = Debug|x86
		{39A5C2D1-F339-4CEB-958B-85B710D6F326}.Debug|ARM.ActiveCfg = Debug|ARM
		{39A5C2D1-F339-4CEB-958B-85B710D6F326}.Debug|ARM.Build.0 = Debug|ARM
		{39A5C2D1-F339-4CEB-958B-85B710D6F326}.Debug|ARM.Deploy.0 = Debug|ARM
		{39A5C2D1-F339-4CEB-958B-85B710D6F326}.Debug|iPhone.ActiveCfg = Debug|x86
		{39A5C2D1-F339-4CEB-958B-85B710D6F326}.Debug|iPhone.Build.0 = Debug|x86
		{39A5C2D1-F339-4CEB-958B-85B710D6F326}.Debug|iPhone.Deploy.0 = Debug|x86
		{39A5C2D1-F339-4CEB-958B-85B710D6F326}.Debug|iPhoneSimulator.ActiveCfg = Debug|x86
		{39A5C2D1-F339-4CEB-958B-85B710D6F326}.Debug|iPhoneSimulator.Build.0 = Debug|x86
		{39A5C2D1-F339-4CEB-958B-85B710D6F326}.Debug|iPhoneSimulator.Deploy.0 = Debug|x86
		{39A5C2D1-F339-4CEB-958B-85B710D6F326}.Debug|x64.ActiveCfg = Debug|x64
		{39A5C2D1-F339-4CEB-958B-85B710D6F326}.Debug|x64.Build.0 = Debug|x64
		{39A5C2D1-F339-4CEB-958B-85B710D6F326}.Debug|x64.Deploy.0 = Debug|x64
		{39A5C2D1-F339-4CEB-958B-85B710D6F326}.Debug|x86.ActiveCfg = Debug|x86
		{39A5C2D1-F339-4CEB-958B-85B710D6F326}.Debug|x86.Build.0 = Debug|x86
		{39A5C2D1-F339-4CEB-958B-85B710D6F326}.Debug|x86.Deploy.0 = Debug|x86
		{39A5C2D1-F339-4CEB-958B-85B710D6F326}.Release|Any CPU.ActiveCfg = Release|x86
		{39A5C2D1-F339-4CEB-958B-85B710D6F326}.Release|Any CPU.Build.0 = Release|x86
		{39A5C2D1-F339-4CEB-958B-85B710D6F326}.Release|Any CPU.Deploy.0 = Release|x86
		{39A5C2D1-F339-4CEB-958B-85B710D6F326}.Release|ARM.ActiveCfg = Release|ARM
		{39A5C2D1-F339-4CEB-958B-85B710D6F326}.Release|ARM.Build.0 = Release|ARM
		{39A5C2D1-F339-4CEB-958B-85B710D6F326}.Release|ARM.Deploy.0 = Release|ARM
		{39A5C2D1-F339-4CEB-958B-85B710D6F326}.Release|iPhone.ActiveCfg = Release|x86
		{39A5C2D1-F339-4CEB-958B-85B710D6F326}.Release|iPhone.Build.0 = Release|x86
		{39A5C2D1-F339-4CEB-958B-85B710D6F326}.Release|iPhone.Deploy.0 = Release|x86
		{39A5C2D1-F339-4CEB-958B-85B710D6F326}.Release|iPhoneSimulator.ActiveCfg = Release|x86
		{39A5C2D1-F339-4CEB-958B-85B710D6F326}.Release|iPhoneSimulator.Build.0 = Release|x86
		{39A5C2D1-F339-4CEB-958B-85B710D6F326}.Release|iPhoneSimulator.Deploy.0 = Release|x86
		{39A5C2D1-F339-4CEB-958B-85B710D6F326}.Release|x64.ActiveCfg = Release|x64
		{39A5C2D1-F339-4CEB-958B-85B710D6F326}.Release|x64.Build.0 = Release|x64
		{39A5C2D1-F339-4CEB-958B-85B710D6F326}.Release|x64.Deploy.0 = Release|x64
		{39A5C2D1-F339-4CEB-958B-85B710D6F326}.Release|x86.ActiveCfg = Release|x86
		{39A5C2D1-F339-4CEB-958B-85B710D6F326}.Release|x86.Build.0 = Release|x86
		{39A5C2D1-F339-4CEB-958B-85B710D6F326}.Release|x86.Deploy.0 = Release|x86
		{BA7A132B-92D2-48C7-A9A1-F1996DA53423}.Ad-Hoc|Any CPU.ActiveCfg = Debug|Any CPU
		{BA7A132B-92D2-48C7-A9A1-F1996DA53423}.Ad-Hoc|Any CPU.Build.0 = Debug|Any CPU
		{BA7A132B-92D2-48C7-A9A1-F1996DA53423}.Ad-Hoc|Any CPU.Deploy.0 = Debug|Any CPU
		{BA7A132B-92D2-48C7-A9A1-F1996DA53423}.Ad-Hoc|ARM.ActiveCfg = Debug|Any CPU
		{BA7A132B-92D2-48C7-A9A1-F1996DA53423}.Ad-Hoc|ARM.Build.0 = Debug|Any CPU
		{BA7A132B-92D2-48C7-A9A1-F1996DA53423}.Ad-Hoc|ARM.Deploy.0 = Debug|Any CPU
		{BA7A132B-92D2-48C7-A9A1-F1996DA53423}.Ad-Hoc|iPhone.ActiveCfg = Debug|Any CPU
		{BA7A132B-92D2-48C7-A9A1-F1996DA53423}.Ad-Hoc|iPhone.Build.0 = Debug|Any CPU
		{BA7A132B-92D2-48C7-A9A1-F1996DA53423}.Ad-Hoc|iPhone.Deploy.0 = Debug|Any CPU
		{BA7A132B-92D2-48C7-A9A1-F1996DA53423}.Ad-Hoc|iPhoneSimulator.ActiveCfg = Debug|Any CPU
		{BA7A132B-92D2-48C7-A9A1-F1996DA53423}.Ad-Hoc|iPhoneSimulator.Build.0 = Debug|Any CPU
		{BA7A132B-92D2-48C7-A9A1-F1996DA53423}.Ad-Hoc|iPhoneSimulator.Deploy.0 = Debug|Any CPU
		{BA7A132B-92D2-48C7-A9A1-F1996DA53423}.Ad-Hoc|x64.ActiveCfg = Debug|Any CPU
		{BA7A132B-92D2-48C7-A9A1-F1996DA53423}.Ad-Hoc|x64.Build.0 = Debug|Any CPU
		{BA7A132B-92D2-48C7-A9A1-F1996DA53423}.Ad-Hoc|x64.Deploy.0 = Debug|Any CPU
		{BA7A132B-92D2-48C7-A9A1-F1996DA53423}.Ad-Hoc|x86.ActiveCfg = Debug|Any CPU
		{BA7A132B-92D2-48C7-A9A1-F1996DA53423}.Ad-Hoc|x86.Build.0 = Debug|Any CPU
		{BA7A132B-92D2-48C7-A9A1-F1996DA53423}.Ad-Hoc|x86.Deploy.0 = Debug|Any CPU
		{BA7A132B-92D2-48C7-A9A1-F1996DA53423}.AppStore|Any CPU.ActiveCfg = Debug|Any CPU
		{BA7A132B-92D2-48C7-A9A1-F1996DA53423}.AppStore|Any CPU.Build.0 = Debug|Any CPU
		{BA7A132B-92D2-48C7-A9A1-F1996DA53423}.AppStore|Any CPU.Deploy.0 = Debug|Any CPU
		{BA7A132B-92D2-48C7-A9A1-F1996DA53423}.AppStore|ARM.ActiveCfg = Debug|Any CPU
		{BA7A132B-92D2-48C7-A9A1-F1996DA53423}.AppStore|ARM.Build.0 = Debug|Any CPU
		{BA7A132B-92D2-48C7-A9A1-F1996DA53423}.AppStore|ARM.Deploy.0 = Debug|Any CPU
		{BA7A132B-92D2-48C7-A9A1-F1996DA53423}.AppStore|iPhone.ActiveCfg = Debug|Any CPU
		{BA7A132B-92D2-48C7-A9A1-F1996DA53423}.AppStore|iPhone.Build.0 = Debug|Any CPU
		{BA7A132B-92D2-48C7-A9A1-F1996DA53423}.AppStore|iPhone.Deploy.0 = Debug|Any CPU
		{BA7A132B-92D2-48C7-A9A1-F1996DA53423}.AppStore|iPhoneSimulator.ActiveCfg = Debug|Any CPU
		{BA7A132B-92D2-48C7-A9A1-F1996DA53423}.AppStore|iPhoneSimulator.Build.0 = Debug|Any CPU
		{BA7A132B-92D2-48C7-A9A1-F1996DA53423}.AppStore|iPhoneSimulator.Deploy.0 = Debug|Any CPU
		{BA7A132B-92D2-48C7-A9A1-F1996DA53423}.AppStore|x64.ActiveCfg = Debug|Any CPU
		{BA7A132B-92D2-48C7-A9A1-F1996DA53423}.AppStore|x64.Build.0 = Debug|Any CPU
		{BA7A132B-92D2-48C7-A9A1-F1996DA53423}.AppStore|x64.Deploy.0 = Debug|Any CPU
		{BA7A132B-92D2-48C7-A9A1-F1996DA53423}.AppStore|x86.ActiveCfg = Debug|Any CPU
		{BA7A132B-92D2-48C7-A9A1-F1996DA53423}.AppStore|x86.Build.0 = Debug|Any CPU
		{BA7A132B-92D2-48C7-A9A1-F1996DA53423}.AppStore|x86.Deploy.0 = Debug|Any CPU
		{BA7A132B-92D2-48C7-A9A1-F1996DA53423}.Debug|Any CPU.ActiveCfg = Debug|Any CPU
		{BA7A132B-92D2-48C7-A9A1-F1996DA53423}.Debug|Any CPU.Build.0 = Debug|Any CPU
		{BA7A132B-92D2-48C7-A9A1-F1996DA53423}.Debug|Any CPU.Deploy.0 = Debug|Any CPU
		{BA7A132B-92D2-48C7-A9A1-F1996DA53423}.Debug|ARM.ActiveCfg = Debug|Any CPU
		{BA7A132B-92D2-48C7-A9A1-F1996DA53423}.Debug|ARM.Build.0 = Debug|Any CPU
		{BA7A132B-92D2-48C7-A9A1-F1996DA53423}.Debug|ARM.Deploy.0 = Debug|Any CPU
		{BA7A132B-92D2-48C7-A9A1-F1996DA53423}.Debug|iPhone.ActiveCfg = Debug|Any CPU
		{BA7A132B-92D2-48C7-A9A1-F1996DA53423}.Debug|iPhone.Build.0 = Debug|Any CPU
		{BA7A132B-92D2-48C7-A9A1-F1996DA53423}.Debug|iPhone.Deploy.0 = Debug|Any CPU
		{BA7A132B-92D2-48C7-A9A1-F1996DA53423}.Debug|iPhoneSimulator.ActiveCfg = Debug|Any CPU
		{BA7A132B-92D2-48C7-A9A1-F1996DA53423}.Debug|iPhoneSimulator.Build.0 = Debug|Any CPU
		{BA7A132B-92D2-48C7-A9A1-F1996DA53423}.Debug|iPhoneSimulator.Deploy.0 = Debug|Any CPU
		{BA7A132B-92D2-48C7-A9A1-F1996DA53423}.Debug|x64.ActiveCfg = Debug|Any CPU
		{BA7A132B-92D2-48C7-A9A1-F1996DA53423}.Debug|x64.Build.0 = Debug|Any CPU
		{BA7A132B-92D2-48C7-A9A1-F1996DA53423}.Debug|x64.Deploy.0 = Debug|Any CPU
		{BA7A132B-92D2-48C7-A9A1-F1996DA53423}.Debug|x86.ActiveCfg = Debug|Any CPU
		{BA7A132B-92D2-48C7-A9A1-F1996DA53423}.Debug|x86.Build.0 = Debug|Any CPU
		{BA7A132B-92D2-48C7-A9A1-F1996DA53423}.Debug|x86.Deploy.0 = Debug|Any CPU
		{BA7A132B-92D2-48C7-A9A1-F1996DA53423}.Release|Any CPU.ActiveCfg = Release|Any CPU
		{BA7A132B-92D2-48C7-A9A1-F1996DA53423}.Release|Any CPU.Build.0 = Release|Any CPU
		{BA7A132B-92D2-48C7-A9A1-F1996DA53423}.Release|Any CPU.Deploy.0 = Release|Any CPU
		{BA7A132B-92D2-48C7-A9A1-F1996DA53423}.Release|ARM.ActiveCfg = Release|Any CPU
		{BA7A132B-92D2-48C7-A9A1-F1996DA53423}.Release|ARM.Build.0 = Release|Any CPU
		{BA7A132B-92D2-48C7-A9A1-F1996DA53423}.Release|ARM.Deploy.0 = Release|Any CPU
		{BA7A132B-92D2-48C7-A9A1-F1996DA53423}.Release|iPhone.ActiveCfg = Release|Any CPU
		{BA7A132B-92D2-48C7-A9A1-F1996DA53423}.Release|iPhone.Build.0 = Release|Any CPU
		{BA7A132B-92D2-48C7-A9A1-F1996DA53423}.Release|iPhone.Deploy.0 = Release|Any CPU
		{BA7A132B-92D2-48C7-A9A1-F1996DA53423}.Release|iPhoneSimulator.ActiveCfg = Release|Any CPU
		{BA7A132B-92D2-48C7-A9A1-F1996DA53423}.Release|iPhoneSimulator.Build.0 = Release|Any CPU
		{BA7A132B-92D2-48C7-A9A1-F1996DA53423}.Release|iPhoneSimulator.Deploy.0 = Release|Any CPU
		{BA7A132B-92D2-48C7-A9A1-F1996DA53423}.Release|x64.ActiveCfg = Release|Any CPU
		{BA7A132B-92D2-48C7-A9A1-F1996DA53423}.Release|x64.Build.0 = Release|Any CPU
		{BA7A132B-92D2-48C7-A9A1-F1996DA53423}.Release|x64.Deploy.0 = Release|Any CPU
		{BA7A132B-92D2-48C7-A9A1-F1996DA53423}.Release|x86.ActiveCfg = Release|Any CPU
		{BA7A132B-92D2-48C7-A9A1-F1996DA53423}.Release|x86.Build.0 = Release|Any CPU
		{BA7A132B-92D2-48C7-A9A1-F1996DA53423}.Release|x86.Deploy.0 = Release|Any CPU
	EndGlobalSection
	GlobalSection(SolutionProperties) = preSolution
		HideSolutionNode = FALSE
	EndGlobalSection
	GlobalSection(ExtensibilityGlobals) = postSolution
		SolutionGuid = {7F7CF7F7-E930-4301-BB80-5280C29E0E88}
	EndGlobalSection
EndGlobal
